
Microsoft Visual Studio Solution File, Format Version 12.00
# Visual Studio Version 17
VisualStudioVersion = 17.4.33103.184
MinimumVisualStudioVersion = 10.0.40219.1
Project("{C7167F0D-BC9F-4E6E-AFE1-012C56B48DB5}") = "Bili.Desktop.App (Package)", "src\Bili.Desktop.App\Bili.Desktop.App (Package)\Bili.Desktop.App (Package).wapproj", "{E49BA73C-4185-45D7-B019-EEF7C30FB961}"
EndProject
Project("{9A19103F-16F7-4668-BE54-9A1E7A4F7556}") = "Bili.Desktop.App", "src\Bili.Desktop.App\Bili.Desktop.App\Bili.Desktop.App.csproj", "{D6E7F23F-DF65-4542-995E-F05D434826E5}"
EndProject
Project("{2150E333-8FDC-42A3-9474-1A3956D46DE8}") = "Adapter", "Adapter", "{3CDD95CA-52A5-4FA8-B7EA-8DD0549D60F0}"
EndProject
Project("{2150E333-8FDC-42A3-9474-1A3956D46DE8}") = "Lib", "Lib", "{C0382D25-1D18-468C-AACA-AD9C826C7AAC}"
EndProject
Project("{2150E333-8FDC-42A3-9474-1A3956D46DE8}") = "Models", "Models", "{F721CD74-4EB5-4AD6-A4C4-AB61178D19EF}"
EndProject
Project("{2150E333-8FDC-42A3-9474-1A3956D46DE8}") = "Utilities", "Utilities", "{AFAE1B87-A8C1-4FF4-9D7C-2511C7A68FE2}"
EndProject
Project("{2150E333-8FDC-42A3-9474-1A3956D46DE8}") = "ViewModels", "ViewModels", "{AB54D326-3229-4578-8677-31325F8F3CDB}"
EndProject
Project("{9A19103F-16F7-4668-BE54-9A1E7A4F7556}") = "Adapter.Interfaces", "src\Adapter\Adapter.Interfaces\Adapter.Interfaces.csproj", "{1F3543E5-07B3-42B3-9393-C4DE871752AE}"
EndProject
Project("{9A19103F-16F7-4668-BE54-9A1E7A4F7556}") = "Adapter.Implementation", "src\Adapter\Adapter.Implementation\Adapter.Implementation.csproj", "{523D822B-26BE-44CE-A895-AC6AA1778F2E}"
EndProject
Project("{9A19103F-16F7-4668-BE54-9A1E7A4F7556}") = "DI.Container", "src\Lib\DI.Container\DI.Container.csproj", "{FF6D1623-2AB5-4D53-A11C-0E5C42AD1FEF}"
EndProject
Project("{9A19103F-16F7-4668-BE54-9A1E7A4F7556}") = "Lib.Interfaces", "src\Lib\Lib.Interfaces\Lib.Interfaces.csproj", "{37E33AD0-99AA-4556-B4CC-39CB20886E8E}"
EndProject
Project("{9A19103F-16F7-4668-BE54-9A1E7A4F7556}") = "Lib.Implementation", "src\Lib\Lib.Implementation\Lib.Implementation.csproj", "{F918C855-3A93-420C-A368-7A745176AE27}"
EndProject
Project("{9A19103F-16F7-4668-BE54-9A1E7A4F7556}") = "Models.App", "src\Models\Models.App\Models.App.csproj", "{9064564F-4AC6-4558-8F4B-5FF9A0CE1BFD}"
EndProject
Project("{9A19103F-16F7-4668-BE54-9A1E7A4F7556}") = "Models.BiliBili", "src\Models\Models.BiliBili\Models.BiliBili.csproj", "{E8C9FBB3-2330-4FB6-A07A-87530AC9C7FC}"
EndProject
Project("{9A19103F-16F7-4668-BE54-9A1E7A4F7556}") = "Models.Data", "src\Models\Models.Data\Models.Data.csproj", "{4EFDC8A2-981E-4419-A50F-FD927EC9EB1F}"
EndProject
Project("{9A19103F-16F7-4668-BE54-9A1E7A4F7556}") = "Models.Enums", "src\Models\Models.Enums\Models.Enums.csproj", "{0DF43F6C-4A9F-473C-897C-D8946036635B}"
EndProject
Project("{9A19103F-16F7-4668-BE54-9A1E7A4F7556}") = "Models.gRPC", "src\Models\Models.gRPC\Models.gRPC.csproj", "{16E09CB7-1E85-490F-8B1F-294B65B8C1A9}"
EndProject
Project("{2150E333-8FDC-42A3-9474-1A3956D46DE8}") = "Toolkit", "Toolkit", "{50C3D3D6-3B93-4801-BB89-F072567F94FA}"
EndProject
Project("{9A19103F-16F7-4668-BE54-9A1E7A4F7556}") = "Toolkit.Fake", "src\Utilities\Toolkit\Toolkit.Fake\Toolkit.Fake.csproj", "{B9386AAB-E449-462C-A38B-8F991BC964FF}"
EndProject
Project("{9A19103F-16F7-4668-BE54-9A1E7A4F7556}") = "Toolkit.Interfaces", "src\Utilities\Toolkit\Toolkit.Interfaces\Toolkit.Interfaces.csproj", "{4DAA741E-E49D-480D-80DF-7DC83E67B46E}"
EndProject
Project("{9A19103F-16F7-4668-BE54-9A1E7A4F7556}") = "ViewModels.Interfaces", "src\ViewModels\ViewModels.Interfaces\ViewModels.Interfaces.csproj", "{CE58C610-8D94-47D4-9061-186DC9F0649A}"
EndProject
Project("{9A19103F-16F7-4668-BE54-9A1E7A4F7556}") = "DI.Desktop", "src\Lib\DI.Desktop\DI.Desktop.csproj", "{9ECB2D31-F955-445D-89DE-3D54EEC10C41}"
EndProject
Project("{9A19103F-16F7-4668-BE54-9A1E7A4F7556}") = "Toolkit.Desktop", "src\Utilities\Toolkit\Toolkit.Desktop\Toolkit.Desktop.csproj", "{9B53AE40-DD75-478B-86DD-161546B764AA}"
EndProject
Project("{9A19103F-16F7-4668-BE54-9A1E7A4F7556}") = "SIgnIn.Desktop", "src\Lib\SIgnIn.Desktop\SIgnIn.Desktop.csproj", "{AB7B1D62-EFEE-45D2-941E-6B0BD6F4F6E0}"
EndProject
Project("{9A19103F-16F7-4668-BE54-9A1E7A4F7556}") = "ViewModels.Desktop", "src\ViewModels\ViewModels.Desktop\ViewModels.Desktop.csproj", "{792C61D6-488C-4605-8A1E-54FB4A342E6D}"
EndProject
Global
	GlobalSection(SolutionConfigurationPlatforms) = preSolution
		Debug|Any CPU = Debug|Any CPU
		Debug|ARM64 = Debug|ARM64
		Debug|x64 = Debug|x64
		Debug|x86 = Debug|x86
		Release|Any CPU = Release|Any CPU
		Release|ARM64 = Release|ARM64
		Release|x64 = Release|x64
		Release|x86 = Release|x86
	EndGlobalSection
	GlobalSection(ProjectConfigurationPlatforms) = postSolution
		{E49BA73C-4185-45D7-B019-EEF7C30FB961}.Debug|Any CPU.ActiveCfg = Debug|x64
		{E49BA73C-4185-45D7-B019-EEF7C30FB961}.Debug|Any CPU.Build.0 = Debug|x64
		{E49BA73C-4185-45D7-B019-EEF7C30FB961}.Debug|Any CPU.Deploy.0 = Debug|x64
		{E49BA73C-4185-45D7-B019-EEF7C30FB961}.Debug|ARM64.ActiveCfg = Debug|ARM64
		{E49BA73C-4185-45D7-B019-EEF7C30FB961}.Debug|ARM64.Build.0 = Debug|ARM64
		{E49BA73C-4185-45D7-B019-EEF7C30FB961}.Debug|ARM64.Deploy.0 = Debug|ARM64
		{E49BA73C-4185-45D7-B019-EEF7C30FB961}.Debug|x64.ActiveCfg = Debug|x64
		{E49BA73C-4185-45D7-B019-EEF7C30FB961}.Debug|x64.Build.0 = Debug|x64
		{E49BA73C-4185-45D7-B019-EEF7C30FB961}.Debug|x64.Deploy.0 = Debug|x64
		{E49BA73C-4185-45D7-B019-EEF7C30FB961}.Debug|x86.ActiveCfg = Debug|x86
		{E49BA73C-4185-45D7-B019-EEF7C30FB961}.Debug|x86.Build.0 = Debug|x86
		{E49BA73C-4185-45D7-B019-EEF7C30FB961}.Debug|x86.Deploy.0 = Debug|x86
		{E49BA73C-4185-45D7-B019-EEF7C30FB961}.Release|Any CPU.ActiveCfg = Release|x64
		{E49BA73C-4185-45D7-B019-EEF7C30FB961}.Release|Any CPU.Build.0 = Release|x64
		{E49BA73C-4185-45D7-B019-EEF7C30FB961}.Release|Any CPU.Deploy.0 = Release|x64
		{E49BA73C-4185-45D7-B019-EEF7C30FB961}.Release|ARM64.ActiveCfg = Release|ARM64
		{E49BA73C-4185-45D7-B019-EEF7C30FB961}.Release|ARM64.Build.0 = Release|ARM64
		{E49BA73C-4185-45D7-B019-EEF7C30FB961}.Release|ARM64.Deploy.0 = Release|ARM64
		{E49BA73C-4185-45D7-B019-EEF7C30FB961}.Release|x64.ActiveCfg = Release|x64
		{E49BA73C-4185-45D7-B019-EEF7C30FB961}.Release|x64.Build.0 = Release|x64
		{E49BA73C-4185-45D7-B019-EEF7C30FB961}.Release|x64.Deploy.0 = Release|x64
		{E49BA73C-4185-45D7-B019-EEF7C30FB961}.Release|x86.ActiveCfg = Release|x86
		{E49BA73C-4185-45D7-B019-EEF7C30FB961}.Release|x86.Build.0 = Release|x86
		{E49BA73C-4185-45D7-B019-EEF7C30FB961}.Release|x86.Deploy.0 = Release|x86
		{D6E7F23F-DF65-4542-995E-F05D434826E5}.Debug|Any CPU.ActiveCfg = Debug|x64
		{D6E7F23F-DF65-4542-995E-F05D434826E5}.Debug|Any CPU.Build.0 = Debug|x64
		{D6E7F23F-DF65-4542-995E-F05D434826E5}.Debug|ARM64.ActiveCfg = Debug|ARM64
		{D6E7F23F-DF65-4542-995E-F05D434826E5}.Debug|ARM64.Build.0 = Debug|ARM64
		{D6E7F23F-DF65-4542-995E-F05D434826E5}.Debug|x64.ActiveCfg = Debug|x64
		{D6E7F23F-DF65-4542-995E-F05D434826E5}.Debug|x64.Build.0 = Debug|x64
		{D6E7F23F-DF65-4542-995E-F05D434826E5}.Debug|x86.ActiveCfg = Debug|x86
		{D6E7F23F-DF65-4542-995E-F05D434826E5}.Debug|x86.Build.0 = Debug|x86
		{D6E7F23F-DF65-4542-995E-F05D434826E5}.Release|Any CPU.ActiveCfg = Release|x64
		{D6E7F23F-DF65-4542-995E-F05D434826E5}.Release|Any CPU.Build.0 = Release|x64
		{D6E7F23F-DF65-4542-995E-F05D434826E5}.Release|ARM64.ActiveCfg = Release|ARM64
		{D6E7F23F-DF65-4542-995E-F05D434826E5}.Release|ARM64.Build.0 = Release|ARM64
		{D6E7F23F-DF65-4542-995E-F05D434826E5}.Release|x64.ActiveCfg = Release|x64
		{D6E7F23F-DF65-4542-995E-F05D434826E5}.Release|x64.Build.0 = Release|x64
		{D6E7F23F-DF65-4542-995E-F05D434826E5}.Release|x86.ActiveCfg = Release|x86
		{D6E7F23F-DF65-4542-995E-F05D434826E5}.Release|x86.Build.0 = Release|x86
		{1F3543E5-07B3-42B3-9393-C4DE871752AE}.Debug|Any CPU.ActiveCfg = Debug|Any CPU
		{1F3543E5-07B3-42B3-9393-C4DE871752AE}.Debug|Any CPU.Build.0 = Debug|Any CPU
		{1F3543E5-07B3-42B3-9393-C4DE871752AE}.Debug|ARM64.ActiveCfg = Debug|Any CPU
		{1F3543E5-07B3-42B3-9393-C4DE871752AE}.Debug|ARM64.Build.0 = Debug|Any CPU
		{1F3543E5-07B3-42B3-9393-C4DE871752AE}.Debug|x64.ActiveCfg = Debug|Any CPU
		{1F3543E5-07B3-42B3-9393-C4DE871752AE}.Debug|x64.Build.0 = Debug|Any CPU
		{1F3543E5-07B3-42B3-9393-C4DE871752AE}.Debug|x86.ActiveCfg = Debug|Any CPU
		{1F3543E5-07B3-42B3-9393-C4DE871752AE}.Debug|x86.Build.0 = Debug|Any CPU
		{1F3543E5-07B3-42B3-9393-C4DE871752AE}.Release|Any CPU.ActiveCfg = Release|Any CPU
		{1F3543E5-07B3-42B3-9393-C4DE871752AE}.Release|Any CPU.Build.0 = Release|Any CPU
		{1F3543E5-07B3-42B3-9393-C4DE871752AE}.Release|ARM64.ActiveCfg = Release|Any CPU
		{1F3543E5-07B3-42B3-9393-C4DE871752AE}.Release|ARM64.Build.0 = Release|Any CPU
		{1F3543E5-07B3-42B3-9393-C4DE871752AE}.Release|x64.ActiveCfg = Release|Any CPU
		{1F3543E5-07B3-42B3-9393-C4DE871752AE}.Release|x64.Build.0 = Release|Any CPU
		{1F3543E5-07B3-42B3-9393-C4DE871752AE}.Release|x86.ActiveCfg = Release|Any CPU
		{1F3543E5-07B3-42B3-9393-C4DE871752AE}.Release|x86.Build.0 = Release|Any CPU
		{523D822B-26BE-44CE-A895-AC6AA1778F2E}.Debug|Any CPU.ActiveCfg = Debug|Any CPU
		{523D822B-26BE-44CE-A895-AC6AA1778F2E}.Debug|Any CPU.Build.0 = Debug|Any CPU
		{523D822B-26BE-44CE-A895-AC6AA1778F2E}.Debug|ARM64.ActiveCfg = Debug|Any CPU
		{523D822B-26BE-44CE-A895-AC6AA1778F2E}.Debug|ARM64.Build.0 = Debug|Any CPU
		{523D822B-26BE-44CE-A895-AC6AA1778F2E}.Debug|x64.ActiveCfg = Debug|Any CPU
		{523D822B-26BE-44CE-A895-AC6AA1778F2E}.Debug|x64.Build.0 = Debug|Any CPU
		{523D822B-26BE-44CE-A895-AC6AA1778F2E}.Debug|x86.ActiveCfg = Debug|Any CPU
		{523D822B-26BE-44CE-A895-AC6AA1778F2E}.Debug|x86.Build.0 = Debug|Any CPU
		{523D822B-26BE-44CE-A895-AC6AA1778F2E}.Release|Any CPU.ActiveCfg = Release|Any CPU
		{523D822B-26BE-44CE-A895-AC6AA1778F2E}.Release|Any CPU.Build.0 = Release|Any CPU
		{523D822B-26BE-44CE-A895-AC6AA1778F2E}.Release|ARM64.ActiveCfg = Release|Any CPU
		{523D822B-26BE-44CE-A895-AC6AA1778F2E}.Release|ARM64.Build.0 = Release|Any CPU
		{523D822B-26BE-44CE-A895-AC6AA1778F2E}.Release|x64.ActiveCfg = Release|Any CPU
		{523D822B-26BE-44CE-A895-AC6AA1778F2E}.Release|x64.Build.0 = Release|Any CPU
		{523D822B-26BE-44CE-A895-AC6AA1778F2E}.Release|x86.ActiveCfg = Release|Any CPU
		{523D822B-26BE-44CE-A895-AC6AA1778F2E}.Release|x86.Build.0 = Release|Any CPU
		{FF6D1623-2AB5-4D53-A11C-0E5C42AD1FEF}.Debug|Any CPU.ActiveCfg = Debug|Any CPU
		{FF6D1623-2AB5-4D53-A11C-0E5C42AD1FEF}.Debug|Any CPU.Build.0 = Debug|Any CPU
		{FF6D1623-2AB5-4D53-A11C-0E5C42AD1FEF}.Debug|ARM64.ActiveCfg = Debug|Any CPU
		{FF6D1623-2AB5-4D53-A11C-0E5C42AD1FEF}.Debug|ARM64.Build.0 = Debug|Any CPU
		{FF6D1623-2AB5-4D53-A11C-0E5C42AD1FEF}.Debug|x64.ActiveCfg = Debug|Any CPU
		{FF6D1623-2AB5-4D53-A11C-0E5C42AD1FEF}.Debug|x64.Build.0 = Debug|Any CPU
		{FF6D1623-2AB5-4D53-A11C-0E5C42AD1FEF}.Debug|x86.ActiveCfg = Debug|Any CPU
		{FF6D1623-2AB5-4D53-A11C-0E5C42AD1FEF}.Debug|x86.Build.0 = Debug|Any CPU
		{FF6D1623-2AB5-4D53-A11C-0E5C42AD1FEF}.Release|Any CPU.ActiveCfg = Release|Any CPU
		{FF6D1623-2AB5-4D53-A11C-0E5C42AD1FEF}.Release|Any CPU.Build.0 = Release|Any CPU
		{FF6D1623-2AB5-4D53-A11C-0E5C42AD1FEF}.Release|ARM64.ActiveCfg = Release|Any CPU
		{FF6D1623-2AB5-4D53-A11C-0E5C42AD1FEF}.Release|ARM64.Build.0 = Release|Any CPU
		{FF6D1623-2AB5-4D53-A11C-0E5C42AD1FEF}.Release|x64.ActiveCfg = Release|Any CPU
		{FF6D1623-2AB5-4D53-A11C-0E5C42AD1FEF}.Release|x64.Build.0 = Release|Any CPU
		{FF6D1623-2AB5-4D53-A11C-0E5C42AD1FEF}.Release|x86.ActiveCfg = Release|Any CPU
		{FF6D1623-2AB5-4D53-A11C-0E5C42AD1FEF}.Release|x86.Build.0 = Release|Any CPU
		{37E33AD0-99AA-4556-B4CC-39CB20886E8E}.Debug|Any CPU.ActiveCfg = Debug|Any CPU
		{37E33AD0-99AA-4556-B4CC-39CB20886E8E}.Debug|Any CPU.Build.0 = Debug|Any CPU
		{37E33AD0-99AA-4556-B4CC-39CB20886E8E}.Debug|ARM64.ActiveCfg = Debug|Any CPU
		{37E33AD0-99AA-4556-B4CC-39CB20886E8E}.Debug|ARM64.Build.0 = Debug|Any CPU
		{37E33AD0-99AA-4556-B4CC-39CB20886E8E}.Debug|x64.ActiveCfg = Debug|Any CPU
		{37E33AD0-99AA-4556-B4CC-39CB20886E8E}.Debug|x64.Build.0 = Debug|Any CPU
		{37E33AD0-99AA-4556-B4CC-39CB20886E8E}.Debug|x86.ActiveCfg = Debug|Any CPU
		{37E33AD0-99AA-4556-B4CC-39CB20886E8E}.Debug|x86.Build.0 = Debug|Any CPU
		{37E33AD0-99AA-4556-B4CC-39CB20886E8E}.Release|Any CPU.ActiveCfg = Release|Any CPU
		{37E33AD0-99AA-4556-B4CC-39CB20886E8E}.Release|Any CPU.Build.0 = Release|Any CPU
		{37E33AD0-99AA-4556-B4CC-39CB20886E8E}.Release|ARM64.ActiveCfg = Release|Any CPU
		{37E33AD0-99AA-4556-B4CC-39CB20886E8E}.Release|ARM64.Build.0 = Release|Any CPU
		{37E33AD0-99AA-4556-B4CC-39CB20886E8E}.Release|x64.ActiveCfg = Release|Any CPU
		{37E33AD0-99AA-4556-B4CC-39CB20886E8E}.Release|x64.Build.0 = Release|Any CPU
		{37E33AD0-99AA-4556-B4CC-39CB20886E8E}.Release|x86.ActiveCfg = Release|Any CPU
		{37E33AD0-99AA-4556-B4CC-39CB20886E8E}.Release|x86.Build.0 = Release|Any CPU
		{F918C855-3A93-420C-A368-7A745176AE27}.Debug|Any CPU.ActiveCfg = Debug|Any CPU
		{F918C855-3A93-420C-A368-7A745176AE27}.Debug|Any CPU.Build.0 = Debug|Any CPU
		{F918C855-3A93-420C-A368-7A745176AE27}.Debug|ARM64.ActiveCfg = Debug|Any CPU
		{F918C855-3A93-420C-A368-7A745176AE27}.Debug|ARM64.Build.0 = Debug|Any CPU
		{F918C855-3A93-420C-A368-7A745176AE27}.Debug|x64.ActiveCfg = Debug|Any CPU
		{F918C855-3A93-420C-A368-7A745176AE27}.Debug|x64.Build.0 = Debug|Any CPU
		{F918C855-3A93-420C-A368-7A745176AE27}.Debug|x86.ActiveCfg = Debug|Any CPU
		{F918C855-3A93-420C-A368-7A745176AE27}.Debug|x86.Build.0 = Debug|Any CPU
		{F918C855-3A93-420C-A368-7A745176AE27}.Release|Any CPU.ActiveCfg = Release|Any CPU
		{F918C855-3A93-420C-A368-7A745176AE27}.Release|Any CPU.Build.0 = Release|Any CPU
		{F918C855-3A93-420C-A368-7A745176AE27}.Release|ARM64.ActiveCfg = Release|Any CPU
		{F918C855-3A93-420C-A368-7A745176AE27}.Release|ARM64.Build.0 = Release|Any CPU
		{F918C855-3A93-420C-A368-7A745176AE27}.Release|x64.ActiveCfg = Release|Any CPU
		{F918C855-3A93-420C-A368-7A745176AE27}.Release|x64.Build.0 = Release|Any CPU
		{F918C855-3A93-420C-A368-7A745176AE27}.Release|x86.ActiveCfg = Release|Any CPU
		{F918C855-3A93-420C-A368-7A745176AE27}.Release|x86.Build.0 = Release|Any CPU
		{9064564F-4AC6-4558-8F4B-5FF9A0CE1BFD}.Debug|Any CPU.ActiveCfg = Debug|Any CPU
		{9064564F-4AC6-4558-8F4B-5FF9A0CE1BFD}.Debug|Any CPU.Build.0 = Debug|Any CPU
		{9064564F-4AC6-4558-8F4B-5FF9A0CE1BFD}.Debug|ARM64.ActiveCfg = Debug|Any CPU
		{9064564F-4AC6-4558-8F4B-5FF9A0CE1BFD}.Debug|ARM64.Build.0 = Debug|Any CPU
		{9064564F-4AC6-4558-8F4B-5FF9A0CE1BFD}.Debug|x64.ActiveCfg = Debug|Any CPU
		{9064564F-4AC6-4558-8F4B-5FF9A0CE1BFD}.Debug|x64.Build.0 = Debug|Any CPU
		{9064564F-4AC6-4558-8F4B-5FF9A0CE1BFD}.Debug|x86.ActiveCfg = Debug|Any CPU
		{9064564F-4AC6-4558-8F4B-5FF9A0CE1BFD}.Debug|x86.Build.0 = Debug|Any CPU
		{9064564F-4AC6-4558-8F4B-5FF9A0CE1BFD}.Release|Any CPU.ActiveCfg = Release|Any CPU
		{9064564F-4AC6-4558-8F4B-5FF9A0CE1BFD}.Release|Any CPU.Build.0 = Release|Any CPU
		{9064564F-4AC6-4558-8F4B-5FF9A0CE1BFD}.Release|ARM64.ActiveCfg = Release|Any CPU
		{9064564F-4AC6-4558-8F4B-5FF9A0CE1BFD}.Release|ARM64.Build.0 = Release|Any CPU
		{9064564F-4AC6-4558-8F4B-5FF9A0CE1BFD}.Release|x64.ActiveCfg = Release|Any CPU
		{9064564F-4AC6-4558-8F4B-5FF9A0CE1BFD}.Release|x64.Build.0 = Release|Any CPU
		{9064564F-4AC6-4558-8F4B-5FF9A0CE1BFD}.Release|x86.ActiveCfg = Release|Any CPU
		{9064564F-4AC6-4558-8F4B-5FF9A0CE1BFD}.Release|x86.Build.0 = Release|Any CPU
		{E8C9FBB3-2330-4FB6-A07A-87530AC9C7FC}.Debug|Any CPU.ActiveCfg = Debug|Any CPU
		{E8C9FBB3-2330-4FB6-A07A-87530AC9C7FC}.Debug|Any CPU.Build.0 = Debug|Any CPU
		{E8C9FBB3-2330-4FB6-A07A-87530AC9C7FC}.Debug|ARM64.ActiveCfg = Debug|Any CPU
		{E8C9FBB3-2330-4FB6-A07A-87530AC9C7FC}.Debug|ARM64.Build.0 = Debug|Any CPU
		{E8C9FBB3-2330-4FB6-A07A-87530AC9C7FC}.Debug|x64.ActiveCfg = Debug|Any CPU
		{E8C9FBB3-2330-4FB6-A07A-87530AC9C7FC}.Debug|x64.Build.0 = Debug|Any CPU
		{E8C9FBB3-2330-4FB6-A07A-87530AC9C7FC}.Debug|x86.ActiveCfg = Debug|Any CPU
		{E8C9FBB3-2330-4FB6-A07A-87530AC9C7FC}.Debug|x86.Build.0 = Debug|Any CPU
		{E8C9FBB3-2330-4FB6-A07A-87530AC9C7FC}.Release|Any CPU.ActiveCfg = Release|Any CPU
		{E8C9FBB3-2330-4FB6-A07A-87530AC9C7FC}.Release|Any CPU.Build.0 = Release|Any CPU
		{E8C9FBB3-2330-4FB6-A07A-87530AC9C7FC}.Release|ARM64.ActiveCfg = Release|Any CPU
		{E8C9FBB3-2330-4FB6-A07A-87530AC9C7FC}.Release|ARM64.Build.0 = Release|Any CPU
		{E8C9FBB3-2330-4FB6-A07A-87530AC9C7FC}.Release|x64.ActiveCfg = Release|Any CPU
		{E8C9FBB3-2330-4FB6-A07A-87530AC9C7FC}.Release|x64.Build.0 = Release|Any CPU
		{E8C9FBB3-2330-4FB6-A07A-87530AC9C7FC}.Release|x86.ActiveCfg = Release|Any CPU
		{E8C9FBB3-2330-4FB6-A07A-87530AC9C7FC}.Release|x86.Build.0 = Release|Any CPU
		{4EFDC8A2-981E-4419-A50F-FD927EC9EB1F}.Debug|Any CPU.ActiveCfg = Debug|Any CPU
		{4EFDC8A2-981E-4419-A50F-FD927EC9EB1F}.Debug|Any CPU.Build.0 = Debug|Any CPU
		{4EFDC8A2-981E-4419-A50F-FD927EC9EB1F}.Debug|ARM64.ActiveCfg = Debug|Any CPU
		{4EFDC8A2-981E-4419-A50F-FD927EC9EB1F}.Debug|ARM64.Build.0 = Debug|Any CPU
		{4EFDC8A2-981E-4419-A50F-FD927EC9EB1F}.Debug|x64.ActiveCfg = Debug|Any CPU
		{4EFDC8A2-981E-4419-A50F-FD927EC9EB1F}.Debug|x64.Build.0 = Debug|Any CPU
		{4EFDC8A2-981E-4419-A50F-FD927EC9EB1F}.Debug|x86.ActiveCfg = Debug|Any CPU
		{4EFDC8A2-981E-4419-A50F-FD927EC9EB1F}.Debug|x86.Build.0 = Debug|Any CPU
		{4EFDC8A2-981E-4419-A50F-FD927EC9EB1F}.Release|Any CPU.ActiveCfg = Release|Any CPU
		{4EFDC8A2-981E-4419-A50F-FD927EC9EB1F}.Release|Any CPU.Build.0 = Release|Any CPU
		{4EFDC8A2-981E-4419-A50F-FD927EC9EB1F}.Release|ARM64.ActiveCfg = Release|Any CPU
		{4EFDC8A2-981E-4419-A50F-FD927EC9EB1F}.Release|ARM64.Build.0 = Release|Any CPU
		{4EFDC8A2-981E-4419-A50F-FD927EC9EB1F}.Release|x64.ActiveCfg = Release|Any CPU
		{4EFDC8A2-981E-4419-A50F-FD927EC9EB1F}.Release|x64.Build.0 = Release|Any CPU
		{4EFDC8A2-981E-4419-A50F-FD927EC9EB1F}.Release|x86.ActiveCfg = Release|Any CPU
		{4EFDC8A2-981E-4419-A50F-FD927EC9EB1F}.Release|x86.Build.0 = Release|Any CPU
		{0DF43F6C-4A9F-473C-897C-D8946036635B}.Debug|Any CPU.ActiveCfg = Debug|Any CPU
		{0DF43F6C-4A9F-473C-897C-D8946036635B}.Debug|Any CPU.Build.0 = Debug|Any CPU
		{0DF43F6C-4A9F-473C-897C-D8946036635B}.Debug|ARM64.ActiveCfg = Debug|Any CPU
		{0DF43F6C-4A9F-473C-897C-D8946036635B}.Debug|ARM64.Build.0 = Debug|Any CPU
		{0DF43F6C-4A9F-473C-897C-D8946036635B}.Debug|x64.ActiveCfg = Debug|Any CPU
		{0DF43F6C-4A9F-473C-897C-D8946036635B}.Debug|x64.Build.0 = Debug|Any CPU
		{0DF43F6C-4A9F-473C-897C-D8946036635B}.Debug|x86.ActiveCfg = Debug|Any CPU
		{0DF43F6C-4A9F-473C-897C-D8946036635B}.Debug|x86.Build.0 = Debug|Any CPU
		{0DF43F6C-4A9F-473C-897C-D8946036635B}.Release|Any CPU.ActiveCfg = Release|Any CPU
		{0DF43F6C-4A9F-473C-897C-D8946036635B}.Release|Any CPU.Build.0 = Release|Any CPU
		{0DF43F6C-4A9F-473C-897C-D8946036635B}.Release|ARM64.ActiveCfg = Release|Any CPU
		{0DF43F6C-4A9F-473C-897C-D8946036635B}.Release|ARM64.Build.0 = Release|Any CPU
		{0DF43F6C-4A9F-473C-897C-D8946036635B}.Release|x64.ActiveCfg = Release|Any CPU
		{0DF43F6C-4A9F-473C-897C-D8946036635B}.Release|x64.Build.0 = Release|Any CPU
		{0DF43F6C-4A9F-473C-897C-D8946036635B}.Release|x86.ActiveCfg = Release|Any CPU
		{0DF43F6C-4A9F-473C-897C-D8946036635B}.Release|x86.Build.0 = Release|Any CPU
		{16E09CB7-1E85-490F-8B1F-294B65B8C1A9}.Debug|Any CPU.ActiveCfg = Debug|Any CPU
		{16E09CB7-1E85-490F-8B1F-294B65B8C1A9}.Debug|Any CPU.Build.0 = Debug|Any CPU
		{16E09CB7-1E85-490F-8B1F-294B65B8C1A9}.Debug|ARM64.ActiveCfg = Debug|Any CPU
		{16E09CB7-1E85-490F-8B1F-294B65B8C1A9}.Debug|ARM64.Build.0 = Debug|Any CPU
		{16E09CB7-1E85-490F-8B1F-294B65B8C1A9}.Debug|x64.ActiveCfg = Debug|Any CPU
		{16E09CB7-1E85-490F-8B1F-294B65B8C1A9}.Debug|x64.Build.0 = Debug|Any CPU
		{16E09CB7-1E85-490F-8B1F-294B65B8C1A9}.Debug|x86.ActiveCfg = Debug|Any CPU
		{16E09CB7-1E85-490F-8B1F-294B65B8C1A9}.Debug|x86.Build.0 = Debug|Any CPU
		{16E09CB7-1E85-490F-8B1F-294B65B8C1A9}.Release|Any CPU.ActiveCfg = Release|Any CPU
		{16E09CB7-1E85-490F-8B1F-294B65B8C1A9}.Release|Any CPU.Build.0 = Release|Any CPU
		{16E09CB7-1E85-490F-8B1F-294B65B8C1A9}.Release|ARM64.ActiveCfg = Release|Any CPU
		{16E09CB7-1E85-490F-8B1F-294B65B8C1A9}.Release|ARM64.Build.0 = Release|Any CPU
		{16E09CB7-1E85-490F-8B1F-294B65B8C1A9}.Release|x64.ActiveCfg = Release|Any CPU
		{16E09CB7-1E85-490F-8B1F-294B65B8C1A9}.Release|x64.Build.0 = Release|Any CPU
		{16E09CB7-1E85-490F-8B1F-294B65B8C1A9}.Release|x86.ActiveCfg = Release|Any CPU
		{16E09CB7-1E85-490F-8B1F-294B65B8C1A9}.Release|x86.Build.0 = Release|Any CPU
		{B9386AAB-E449-462C-A38B-8F991BC964FF}.Debug|Any CPU.ActiveCfg = Debug|Any CPU
		{B9386AAB-E449-462C-A38B-8F991BC964FF}.Debug|Any CPU.Build.0 = Debug|Any CPU
		{B9386AAB-E449-462C-A38B-8F991BC964FF}.Debug|ARM64.ActiveCfg = Debug|Any CPU
		{B9386AAB-E449-462C-A38B-8F991BC964FF}.Debug|ARM64.Build.0 = Debug|Any CPU
		{B9386AAB-E449-462C-A38B-8F991BC964FF}.Debug|x64.ActiveCfg = Debug|Any CPU
		{B9386AAB-E449-462C-A38B-8F991BC964FF}.Debug|x64.Build.0 = Debug|Any CPU
		{B9386AAB-E449-462C-A38B-8F991BC964FF}.Debug|x86.ActiveCfg = Debug|Any CPU
		{B9386AAB-E449-462C-A38B-8F991BC964FF}.Debug|x86.Build.0 = Debug|Any CPU
		{B9386AAB-E449-462C-A38B-8F991BC964FF}.Release|Any CPU.ActiveCfg = Release|Any CPU
		{B9386AAB-E449-462C-A38B-8F991BC964FF}.Release|Any CPU.Build.0 = Release|Any CPU
		{B9386AAB-E449-462C-A38B-8F991BC964FF}.Release|ARM64.ActiveCfg = Release|Any CPU
		{B9386AAB-E449-462C-A38B-8F991BC964FF}.Release|ARM64.Build.0 = Release|Any CPU
		{B9386AAB-E449-462C-A38B-8F991BC964FF}.Release|x64.ActiveCfg = Release|Any CPU
		{B9386AAB-E449-462C-A38B-8F991BC964FF}.Release|x64.Build.0 = Release|Any CPU
		{B9386AAB-E449-462C-A38B-8F991BC964FF}.Release|x86.ActiveCfg = Release|Any CPU
		{B9386AAB-E449-462C-A38B-8F991BC964FF}.Release|x86.Build.0 = Release|Any CPU
		{4DAA741E-E49D-480D-80DF-7DC83E67B46E}.Debug|Any CPU.ActiveCfg = Debug|Any CPU
		{4DAA741E-E49D-480D-80DF-7DC83E67B46E}.Debug|Any CPU.Build.0 = Debug|Any CPU
		{4DAA741E-E49D-480D-80DF-7DC83E67B46E}.Debug|ARM64.ActiveCfg = Debug|Any CPU
		{4DAA741E-E49D-480D-80DF-7DC83E67B46E}.Debug|ARM64.Build.0 = Debug|Any CPU
		{4DAA741E-E49D-480D-80DF-7DC83E67B46E}.Debug|x64.ActiveCfg = Debug|Any CPU
		{4DAA741E-E49D-480D-80DF-7DC83E67B46E}.Debug|x64.Build.0 = Debug|Any CPU
		{4DAA741E-E49D-480D-80DF-7DC83E67B46E}.Debug|x86.ActiveCfg = Debug|Any CPU
		{4DAA741E-E49D-480D-80DF-7DC83E67B46E}.Debug|x86.Build.0 = Debug|Any CPU
		{4DAA741E-E49D-480D-80DF-7DC83E67B46E}.Release|Any CPU.ActiveCfg = Release|Any CPU
		{4DAA741E-E49D-480D-80DF-7DC83E67B46E}.Release|Any CPU.Build.0 = Release|Any CPU
		{4DAA741E-E49D-480D-80DF-7DC83E67B46E}.Release|ARM64.ActiveCfg = Release|Any CPU
		{4DAA741E-E49D-480D-80DF-7DC83E67B46E}.Release|ARM64.Build.0 = Release|Any CPU
		{4DAA741E-E49D-480D-80DF-7DC83E67B46E}.Release|x64.ActiveCfg = Release|Any CPU
		{4DAA741E-E49D-480D-80DF-7DC83E67B46E}.Release|x64.Build.0 = Release|Any CPU
		{4DAA741E-E49D-480D-80DF-7DC83E67B46E}.Release|x86.ActiveCfg = Release|Any CPU
		{4DAA741E-E49D-480D-80DF-7DC83E67B46E}.Release|x86.Build.0 = Release|Any CPU
		{CE58C610-8D94-47D4-9061-186DC9F0649A}.Debug|Any CPU.ActiveCfg = Debug|Any CPU
		{CE58C610-8D94-47D4-9061-186DC9F0649A}.Debug|Any CPU.Build.0 = Debug|Any CPU
		{CE58C610-8D94-47D4-9061-186DC9F0649A}.Debug|ARM64.ActiveCfg = Debug|Any CPU
		{CE58C610-8D94-47D4-9061-186DC9F0649A}.Debug|ARM64.Build.0 = Debug|Any CPU
		{CE58C610-8D94-47D4-9061-186DC9F0649A}.Debug|x64.ActiveCfg = Debug|Any CPU
		{CE58C610-8D94-47D4-9061-186DC9F0649A}.Debug|x64.Build.0 = Debug|Any CPU
		{CE58C610-8D94-47D4-9061-186DC9F0649A}.Debug|x86.ActiveCfg = Debug|Any CPU
		{CE58C610-8D94-47D4-9061-186DC9F0649A}.Debug|x86.Build.0 = Debug|Any CPU
		{CE58C610-8D94-47D4-9061-186DC9F0649A}.Release|Any CPU.ActiveCfg = Release|Any CPU
		{CE58C610-8D94-47D4-9061-186DC9F0649A}.Release|Any CPU.Build.0 = Release|Any CPU
		{CE58C610-8D94-47D4-9061-186DC9F0649A}.Release|ARM64.ActiveCfg = Release|Any CPU
		{CE58C610-8D94-47D4-9061-186DC9F0649A}.Release|ARM64.Build.0 = Release|Any CPU
		{CE58C610-8D94-47D4-9061-186DC9F0649A}.Release|x64.ActiveCfg = Release|Any CPU
		{CE58C610-8D94-47D4-9061-186DC9F0649A}.Release|x64.Build.0 = Release|Any CPU
		{CE58C610-8D94-47D4-9061-186DC9F0649A}.Release|x86.ActiveCfg = Release|Any CPU
		{CE58C610-8D94-47D4-9061-186DC9F0649A}.Release|x86.Build.0 = Release|Any CPU
		{9ECB2D31-F955-445D-89DE-3D54EEC10C41}.Debug|Any CPU.ActiveCfg = Debug|Any CPU
		{9ECB2D31-F955-445D-89DE-3D54EEC10C41}.Debug|Any CPU.Build.0 = Debug|Any CPU
		{9ECB2D31-F955-445D-89DE-3D54EEC10C41}.Debug|ARM64.ActiveCfg = Debug|Any CPU
		{9ECB2D31-F955-445D-89DE-3D54EEC10C41}.Debug|ARM64.Build.0 = Debug|Any CPU
		{9ECB2D31-F955-445D-89DE-3D54EEC10C41}.Debug|x64.ActiveCfg = Debug|x64
		{9ECB2D31-F955-445D-89DE-3D54EEC10C41}.Debug|x64.Build.0 = Debug|x64
		{9ECB2D31-F955-445D-89DE-3D54EEC10C41}.Debug|x86.ActiveCfg = Debug|Any CPU
		{9ECB2D31-F955-445D-89DE-3D54EEC10C41}.Debug|x86.Build.0 = Debug|Any CPU
		{9ECB2D31-F955-445D-89DE-3D54EEC10C41}.Release|Any CPU.ActiveCfg = Release|Any CPU
		{9ECB2D31-F955-445D-89DE-3D54EEC10C41}.Release|Any CPU.Build.0 = Release|Any CPU
		{9ECB2D31-F955-445D-89DE-3D54EEC10C41}.Release|ARM64.ActiveCfg = Release|Any CPU
		{9ECB2D31-F955-445D-89DE-3D54EEC10C41}.Release|ARM64.Build.0 = Release|Any CPU
		{9ECB2D31-F955-445D-89DE-3D54EEC10C41}.Release|x64.ActiveCfg = Release|Any CPU
		{9ECB2D31-F955-445D-89DE-3D54EEC10C41}.Release|x64.Build.0 = Release|Any CPU
		{9ECB2D31-F955-445D-89DE-3D54EEC10C41}.Release|x86.ActiveCfg = Release|Any CPU
		{9ECB2D31-F955-445D-89DE-3D54EEC10C41}.Release|x86.Build.0 = Release|Any CPU
		{9B53AE40-DD75-478B-86DD-161546B764AA}.Debug|Any CPU.ActiveCfg = Debug|Any CPU
		{9B53AE40-DD75-478B-86DD-161546B764AA}.Debug|Any CPU.Build.0 = Debug|Any CPU
		{9B53AE40-DD75-478B-86DD-161546B764AA}.Debug|ARM64.ActiveCfg = Debug|Any CPU
		{9B53AE40-DD75-478B-86DD-161546B764AA}.Debug|ARM64.Build.0 = Debug|Any CPU
		{9B53AE40-DD75-478B-86DD-161546B764AA}.Debug|x64.ActiveCfg = Debug|x64
		{9B53AE40-DD75-478B-86DD-161546B764AA}.Debug|x64.Build.0 = Debug|x64
		{9B53AE40-DD75-478B-86DD-161546B764AA}.Debug|x86.ActiveCfg = Debug|Any CPU
		{9B53AE40-DD75-478B-86DD-161546B764AA}.Debug|x86.Build.0 = Debug|Any CPU
		{9B53AE40-DD75-478B-86DD-161546B764AA}.Release|Any CPU.ActiveCfg = Release|Any CPU
		{9B53AE40-DD75-478B-86DD-161546B764AA}.Release|Any CPU.Build.0 = Release|Any CPU
		{9B53AE40-DD75-478B-86DD-161546B764AA}.Release|ARM64.ActiveCfg = Release|Any CPU
		{9B53AE40-DD75-478B-86DD-161546B764AA}.Release|ARM64.Build.0 = Release|Any CPU
		{9B53AE40-DD75-478B-86DD-161546B764AA}.Release|x64.ActiveCfg = Release|Any CPU
		{9B53AE40-DD75-478B-86DD-161546B764AA}.Release|x64.Build.0 = Release|Any CPU
		{9B53AE40-DD75-478B-86DD-161546B764AA}.Release|x86.ActiveCfg = Release|Any CPU
		{9B53AE40-DD75-478B-86DD-161546B764AA}.Release|x86.Build.0 = Release|Any CPU
		{AB7B1D62-EFEE-45D2-941E-6B0BD6F4F6E0}.Debug|Any CPU.ActiveCfg = Debug|Any CPU
		{AB7B1D62-EFEE-45D2-941E-6B0BD6F4F6E0}.Debug|Any CPU.Build.0 = Debug|Any CPU
		{AB7B1D62-EFEE-45D2-941E-6B0BD6F4F6E0}.Debug|ARM64.ActiveCfg = Debug|Any CPU
		{AB7B1D62-EFEE-45D2-941E-6B0BD6F4F6E0}.Debug|ARM64.Build.0 = Debug|Any CPU
		{AB7B1D62-EFEE-45D2-941E-6B0BD6F4F6E0}.Debug|x64.ActiveCfg = Debug|x64
		{AB7B1D62-EFEE-45D2-941E-6B0BD6F4F6E0}.Debug|x64.Build.0 = Debug|x64
		{AB7B1D62-EFEE-45D2-941E-6B0BD6F4F6E0}.Debug|x86.ActiveCfg = Debug|Any CPU
		{AB7B1D62-EFEE-45D2-941E-6B0BD6F4F6E0}.Debug|x86.Build.0 = Debug|Any CPU
		{AB7B1D62-EFEE-45D2-941E-6B0BD6F4F6E0}.Release|Any CPU.ActiveCfg = Release|Any CPU
		{AB7B1D62-EFEE-45D2-941E-6B0BD6F4F6E0}.Release|Any CPU.Build.0 = Release|Any CPU
		{AB7B1D62-EFEE-45D2-941E-6B0BD6F4F6E0}.Release|ARM64.ActiveCfg = Release|Any CPU
		{AB7B1D62-EFEE-45D2-941E-6B0BD6F4F6E0}.Release|ARM64.Build.0 = Release|Any CPU
		{AB7B1D62-EFEE-45D2-941E-6B0BD6F4F6E0}.Release|x64.ActiveCfg = Release|Any CPU
		{AB7B1D62-EFEE-45D2-941E-6B0BD6F4F6E0}.Release|x64.Build.0 = Release|Any CPU
		{AB7B1D62-EFEE-45D2-941E-6B0BD6F4F6E0}.Release|x86.ActiveCfg = Release|Any CPU
		{AB7B1D62-EFEE-45D2-941E-6B0BD6F4F6E0}.Release|x86.Build.0 = Release|Any CPU
		{792C61D6-488C-4605-8A1E-54FB4A342E6D}.Debug|Any CPU.ActiveCfg = Debug|Any CPU
		{792C61D6-488C-4605-8A1E-54FB4A342E6D}.Debug|Any CPU.Build.0 = Debug|Any CPU
		{792C61D6-488C-4605-8A1E-54FB4A342E6D}.Debug|ARM64.ActiveCfg = Debug|Any CPU
		{792C61D6-488C-4605-8A1E-54FB4A342E6D}.Debug|ARM64.Build.0 = Debug|Any CPU
		{792C61D6-488C-4605-8A1E-54FB4A342E6D}.Debug|x64.ActiveCfg = Debug|x64
		{792C61D6-488C-4605-8A1E-54FB4A342E6D}.Debug|x64.Build.0 = Debug|x64
		{792C61D6-488C-4605-8A1E-54FB4A342E6D}.Debug|x86.ActiveCfg = Debug|Any CPU
		{792C61D6-488C-4605-8A1E-54FB4A342E6D}.Debug|x86.Build.0 = Debug|Any CPU
		{792C61D6-488C-4605-8A1E-54FB4A342E6D}.Release|Any CPU.ActiveCfg = Release|Any CPU
		{792C61D6-488C-4605-8A1E-54FB4A342E6D}.Release|Any CPU.Build.0 = Release|Any CPU
		{792C61D6-488C-4605-8A1E-54FB4A342E6D}.Release|ARM64.ActiveCfg = Release|Any CPU
		{792C61D6-488C-4605-8A1E-54FB4A342E6D}.Release|ARM64.Build.0 = Release|Any CPU
		{792C61D6-488C-4605-8A1E-54FB4A342E6D}.Release|x64.ActiveCfg = Release|Any CPU
		{792C61D6-488C-4605-8A1E-54FB4A342E6D}.Release|x64.Build.0 = Release|Any CPU
		{792C61D6-488C-4605-8A1E-54FB4A342E6D}.Release|x86.ActiveCfg = Release|Any CPU
		{792C61D6-488C-4605-8A1E-54FB4A342E6D}.Release|x86.Build.0 = Release|Any CPU
	EndGlobalSection
	GlobalSection(SolutionProperties) = preSolution
		HideSolutionNode = FALSE
	EndGlobalSection
	GlobalSection(NestedProjects) = preSolution
		{1F3543E5-07B3-42B3-9393-C4DE871752AE} = {3CDD95CA-52A5-4FA8-B7EA-8DD0549D60F0}
		{523D822B-26BE-44CE-A895-AC6AA1778F2E} = {3CDD95CA-52A5-4FA8-B7EA-8DD0549D60F0}
		{FF6D1623-2AB5-4D53-A11C-0E5C42AD1FEF} = {C0382D25-1D18-468C-AACA-AD9C826C7AAC}
		{37E33AD0-99AA-4556-B4CC-39CB20886E8E} = {C0382D25-1D18-468C-AACA-AD9C826C7AAC}
		{F918C855-3A93-420C-A368-7A745176AE27} = {C0382D25-1D18-468C-AACA-AD9C826C7AAC}
		{9064564F-4AC6-4558-8F4B-5FF9A0CE1BFD} = {F721CD74-4EB5-4AD6-A4C4-AB61178D19EF}
		{E8C9FBB3-2330-4FB6-A07A-87530AC9C7FC} = {F721CD74-4EB5-4AD6-A4C4-AB61178D19EF}
		{4EFDC8A2-981E-4419-A50F-FD927EC9EB1F} = {F721CD74-4EB5-4AD6-A4C4-AB61178D19EF}
		{0DF43F6C-4A9F-473C-897C-D8946036635B} = {F721CD74-4EB5-4AD6-A4C4-AB61178D19EF}
		{16E09CB7-1E85-490F-8B1F-294B65B8C1A9} = {F721CD74-4EB5-4AD6-A4C4-AB61178D19EF}
		{50C3D3D6-3B93-4801-BB89-F072567F94FA} = {AFAE1B87-A8C1-4FF4-9D7C-2511C7A68FE2}
		{B9386AAB-E449-462C-A38B-8F991BC964FF} = {50C3D3D6-3B93-4801-BB89-F072567F94FA}
		{4DAA741E-E49D-480D-80DF-7DC83E67B46E} = {50C3D3D6-3B93-4801-BB89-F072567F94FA}
		{CE58C610-8D94-47D4-9061-186DC9F0649A} = {AB54D326-3229-4578-8677-31325F8F3CDB}
		{9ECB2D31-F955-445D-89DE-3D54EEC10C41} = {C0382D25-1D18-468C-AACA-AD9C826C7AAC}
		{9B53AE40-DD75-478B-86DD-161546B764AA} = {50C3D3D6-3B93-4801-BB89-F072567F94FA}
		{AB7B1D62-EFEE-45D2-941E-6B0BD6F4F6E0} = {C0382D25-1D18-468C-AACA-AD9C826C7AAC}
		{792C61D6-488C-4605-8A1E-54FB4A342E6D} = {AB54D326-3229-4578-8677-31325F8F3CDB}
	EndGlobalSection
	GlobalSection(ExtensibilityGlobals) = postSolution
		SolutionGuid = {8EE65C82-1E77-40A7-AE3E-C2D1A7F9B245}
	EndGlobalSection
EndGlobal
