
Microsoft Visual Studio Solution File, Format Version 12.00
# Visual Studio Version 17
VisualStudioVersion = 17.0.31410.414
MinimumVisualStudioVersion = 10.0.40219.1
Project("{FAE04EC0-301F-11D3-BF4B-00C04F79EFBC}") = "App", "src\App\App.csproj", "{1C288BC0-72F3-4C4C-90AD-A05B52E937B0}"
EndProject
Project("{2150E333-8FDC-42A3-9474-1A3956D46DE8}") = "Utilities", "Utilities", "{810B7F1B-97AD-4422-93C8-562AD50CE4DB}"
EndProject
Project("{2150E333-8FDC-42A3-9474-1A3956D46DE8}") = "Locator", "Locator", "{64837010-4A71-4BF6-8ADF-66A251650A11}"
EndProject
Project("{FAE04EC0-301F-11D3-BF4B-00C04F79EFBC}") = "Locator.Uwp", "src\Utilities\Locator\Locator.Uwp\Locator.Uwp.csproj", "{793EC923-D704-4C6F-9506-EB6A32BFBB8D}"
EndProject
Project("{2150E333-8FDC-42A3-9474-1A3956D46DE8}") = "Toolkit", "Toolkit", "{48DF06B5-90AD-4AC6-81F7-B381DB093B09}"
EndProject
Project("{FAE04EC0-301F-11D3-BF4B-00C04F79EFBC}") = "Toolkit.Uwp", "src\Utilities\Toolkit\Toolkit.Uwp\Toolkit.Uwp.csproj", "{07B6D3B7-0AC0-489B-BF27-588AB6226B1C}"
EndProject
Project("{9A19103F-16F7-4668-BE54-9A1E7A4F7556}") = "Toolkit.Interfaces", "src\Utilities\Toolkit\Toolkit.Interfaces\Toolkit.Interfaces.csproj", "{CA4FE39C-2379-4966-9940-DE738D94E982}"
EndProject
Project("{2150E333-8FDC-42A3-9474-1A3956D46DE8}") = "Models", "Models", "{232C0E31-606A-48CD-B860-2E9155EAB4C6}"
EndProject
Project("{9A19103F-16F7-4668-BE54-9A1E7A4F7556}") = "Models.Enums", "src\Models\Models.Enums\Models.Enums.csproj", "{88314412-B020-415B-AEAB-57ADC43B273E}"
EndProject
Project("{9A19103F-16F7-4668-BE54-9A1E7A4F7556}") = "Models.BiliBili", "src\Models\Models.BiliBili\Models.BiliBili.csproj", "{8776A0BD-DBD1-4F11-A022-400D044FF618}"
EndProject
Project("{9A19103F-16F7-4668-BE54-9A1E7A4F7556}") = "Models.App", "src\Models\Models.App\Models.App.csproj", "{9E61CC56-43F9-489C-AAAF-BD5EC69367C4}"
EndProject
Project("{2150E333-8FDC-42A3-9474-1A3956D46DE8}") = "ViewModels", "ViewModels", "{82E6DD11-BBC1-4BFC-A244-593EE27BF250}"
EndProject
Project("{FAE04EC0-301F-11D3-BF4B-00C04F79EFBC}") = "ViewModels.Uwp", "src\ViewModels\ViewModels.Uwp\ViewModels.Uwp.csproj", "{1AF20FDC-36D5-450E-9461-0F78AEB89716}"
EndProject
Project("{2150E333-8FDC-42A3-9474-1A3956D46DE8}") = "Lib", "Lib", "{45B5DFF9-9F13-4BF3-B561-8ABBDFE5C237}"
EndProject
Project("{FAE04EC0-301F-11D3-BF4B-00C04F79EFBC}") = "Lib.Uwp", "src\Lib\Lib.Uwp\Lib.Uwp.csproj", "{C8AB398F-10C2-4B97-87F0-F09B922947D6}"
EndProject
Project("{FAE04EC0-301F-11D3-BF4B-00C04F79EFBC}") = "Lib.Interfaces", "src\Lib\Lib.Interfaces\Lib.Interfaces.csproj", "{CAE9B987-6DB2-42A8-B3F2-3BB700CC4DD8}"
EndProject
Project("{2150E333-8FDC-42A3-9474-1A3956D46DE8}") = "Controller", "Controller", "{65F17D44-343F-4B87-A726-3BE3E48168B4}"
EndProject
Project("{FAE04EC0-301F-11D3-BF4B-00C04F79EFBC}") = "Controller.Uwp", "src\Controller\Controller.Uwp\Controller.Uwp.csproj", "{5213E830-43F5-491E-A8EF-D75083578EF3}"
EndProject
Project("{9A19103F-16F7-4668-BE54-9A1E7A4F7556}") = "Models.gRPC", "src\Models\Models.gRPC\Models.gRPC.csproj", "{0187840F-8D1A-4198-B5BF-8B05CADB4554}"
EndProject
Project("{FAE04EC0-301F-11D3-BF4B-00C04F79EFBC}") = "FrostMaster.Uwp", "src\Lib\FrostMaster.Uwp\FrostMaster.Uwp.csproj", "{B9CD5845-2DE3-40FC-BC0F-27C406929551}"
EndProject
Global
	GlobalSection(SolutionConfigurationPlatforms) = preSolution
		Debug|Any CPU = Debug|Any CPU
		Debug|ARM = Debug|ARM
		Debug|ARM64 = Debug|ARM64
		Debug|x64 = Debug|x64
		Debug|x86 = Debug|x86
		Release|Any CPU = Release|Any CPU
		Release|ARM = Release|ARM
		Release|ARM64 = Release|ARM64
		Release|x64 = Release|x64
		Release|x86 = Release|x86
	EndGlobalSection
	GlobalSection(ProjectConfigurationPlatforms) = postSolution
		{1C288BC0-72F3-4C4C-90AD-A05B52E937B0}.Debug|Any CPU.ActiveCfg = Debug|x86
		{1C288BC0-72F3-4C4C-90AD-A05B52E937B0}.Debug|ARM.ActiveCfg = Debug|x86
		{1C288BC0-72F3-4C4C-90AD-A05B52E937B0}.Debug|ARM64.ActiveCfg = Debug|ARM64
		{1C288BC0-72F3-4C4C-90AD-A05B52E937B0}.Debug|ARM64.Build.0 = Debug|ARM64
		{1C288BC0-72F3-4C4C-90AD-A05B52E937B0}.Debug|ARM64.Deploy.0 = Debug|ARM64
		{1C288BC0-72F3-4C4C-90AD-A05B52E937B0}.Debug|x64.ActiveCfg = Debug|x64
		{1C288BC0-72F3-4C4C-90AD-A05B52E937B0}.Debug|x64.Build.0 = Debug|x64
		{1C288BC0-72F3-4C4C-90AD-A05B52E937B0}.Debug|x64.Deploy.0 = Debug|x64
		{1C288BC0-72F3-4C4C-90AD-A05B52E937B0}.Debug|x86.ActiveCfg = Debug|x86
		{1C288BC0-72F3-4C4C-90AD-A05B52E937B0}.Debug|x86.Build.0 = Debug|x86
		{1C288BC0-72F3-4C4C-90AD-A05B52E937B0}.Debug|x86.Deploy.0 = Debug|x86
		{1C288BC0-72F3-4C4C-90AD-A05B52E937B0}.Release|Any CPU.ActiveCfg = Release|x86
		{1C288BC0-72F3-4C4C-90AD-A05B52E937B0}.Release|ARM.ActiveCfg = Release|x86
		{1C288BC0-72F3-4C4C-90AD-A05B52E937B0}.Release|ARM64.ActiveCfg = Release|ARM64
		{1C288BC0-72F3-4C4C-90AD-A05B52E937B0}.Release|ARM64.Build.0 = Release|ARM64
		{1C288BC0-72F3-4C4C-90AD-A05B52E937B0}.Release|ARM64.Deploy.0 = Release|ARM64
		{1C288BC0-72F3-4C4C-90AD-A05B52E937B0}.Release|x64.ActiveCfg = Release|x64
		{1C288BC0-72F3-4C4C-90AD-A05B52E937B0}.Release|x64.Build.0 = Release|x64
		{1C288BC0-72F3-4C4C-90AD-A05B52E937B0}.Release|x64.Deploy.0 = Release|x64
		{1C288BC0-72F3-4C4C-90AD-A05B52E937B0}.Release|x86.ActiveCfg = Release|x86
		{1C288BC0-72F3-4C4C-90AD-A05B52E937B0}.Release|x86.Build.0 = Release|x86
		{1C288BC0-72F3-4C4C-90AD-A05B52E937B0}.Release|x86.Deploy.0 = Release|x86
		{793EC923-D704-4C6F-9506-EB6A32BFBB8D}.Debug|Any CPU.ActiveCfg = Debug|x86
		{793EC923-D704-4C6F-9506-EB6A32BFBB8D}.Debug|ARM.ActiveCfg = Debug|x86
		{793EC923-D704-4C6F-9506-EB6A32BFBB8D}.Debug|ARM64.ActiveCfg = Debug|ARM64
		{793EC923-D704-4C6F-9506-EB6A32BFBB8D}.Debug|ARM64.Build.0 = Debug|ARM64
		{793EC923-D704-4C6F-9506-EB6A32BFBB8D}.Debug|x64.ActiveCfg = Debug|x64
		{793EC923-D704-4C6F-9506-EB6A32BFBB8D}.Debug|x64.Build.0 = Debug|x64
		{793EC923-D704-4C6F-9506-EB6A32BFBB8D}.Debug|x86.ActiveCfg = Debug|x86
		{793EC923-D704-4C6F-9506-EB6A32BFBB8D}.Debug|x86.Build.0 = Debug|x86
		{793EC923-D704-4C6F-9506-EB6A32BFBB8D}.Release|Any CPU.ActiveCfg = Release|x86
		{793EC923-D704-4C6F-9506-EB6A32BFBB8D}.Release|ARM.ActiveCfg = Release|x86
		{793EC923-D704-4C6F-9506-EB6A32BFBB8D}.Release|ARM64.ActiveCfg = Release|ARM64
		{793EC923-D704-4C6F-9506-EB6A32BFBB8D}.Release|ARM64.Build.0 = Release|ARM64
		{793EC923-D704-4C6F-9506-EB6A32BFBB8D}.Release|x64.ActiveCfg = Release|x64
		{793EC923-D704-4C6F-9506-EB6A32BFBB8D}.Release|x64.Build.0 = Release|x64
		{793EC923-D704-4C6F-9506-EB6A32BFBB8D}.Release|x86.ActiveCfg = Release|x86
		{793EC923-D704-4C6F-9506-EB6A32BFBB8D}.Release|x86.Build.0 = Release|x86
		{07B6D3B7-0AC0-489B-BF27-588AB6226B1C}.Debug|Any CPU.ActiveCfg = Debug|x86
		{07B6D3B7-0AC0-489B-BF27-588AB6226B1C}.Debug|ARM.ActiveCfg = Debug|x86
		{07B6D3B7-0AC0-489B-BF27-588AB6226B1C}.Debug|ARM64.ActiveCfg = Debug|ARM64
		{07B6D3B7-0AC0-489B-BF27-588AB6226B1C}.Debug|ARM64.Build.0 = Debug|ARM64
		{07B6D3B7-0AC0-489B-BF27-588AB6226B1C}.Debug|x64.ActiveCfg = Debug|x64
		{07B6D3B7-0AC0-489B-BF27-588AB6226B1C}.Debug|x64.Build.0 = Debug|x64
		{07B6D3B7-0AC0-489B-BF27-588AB6226B1C}.Debug|x86.ActiveCfg = Debug|x86
		{07B6D3B7-0AC0-489B-BF27-588AB6226B1C}.Debug|x86.Build.0 = Debug|x86
		{07B6D3B7-0AC0-489B-BF27-588AB6226B1C}.Release|Any CPU.ActiveCfg = Release|x86
		{07B6D3B7-0AC0-489B-BF27-588AB6226B1C}.Release|ARM.ActiveCfg = Release|x86
		{07B6D3B7-0AC0-489B-BF27-588AB6226B1C}.Release|ARM64.ActiveCfg = Release|ARM64
		{07B6D3B7-0AC0-489B-BF27-588AB6226B1C}.Release|ARM64.Build.0 = Release|ARM64
		{07B6D3B7-0AC0-489B-BF27-588AB6226B1C}.Release|x64.ActiveCfg = Release|x64
		{07B6D3B7-0AC0-489B-BF27-588AB6226B1C}.Release|x64.Build.0 = Release|x64
		{07B6D3B7-0AC0-489B-BF27-588AB6226B1C}.Release|x86.ActiveCfg = Release|x86
		{07B6D3B7-0AC0-489B-BF27-588AB6226B1C}.Release|x86.Build.0 = Release|x86
		{CA4FE39C-2379-4966-9940-DE738D94E982}.Debug|Any CPU.ActiveCfg = Debug|Any CPU
		{CA4FE39C-2379-4966-9940-DE738D94E982}.Debug|Any CPU.Build.0 = Debug|Any CPU
		{CA4FE39C-2379-4966-9940-DE738D94E982}.Debug|ARM.ActiveCfg = Debug|Any CPU
		{CA4FE39C-2379-4966-9940-DE738D94E982}.Debug|ARM.Build.0 = Debug|Any CPU
		{CA4FE39C-2379-4966-9940-DE738D94E982}.Debug|ARM64.ActiveCfg = Debug|Any CPU
		{CA4FE39C-2379-4966-9940-DE738D94E982}.Debug|ARM64.Build.0 = Debug|Any CPU
		{CA4FE39C-2379-4966-9940-DE738D94E982}.Debug|x64.ActiveCfg = Debug|Any CPU
		{CA4FE39C-2379-4966-9940-DE738D94E982}.Debug|x64.Build.0 = Debug|Any CPU
		{CA4FE39C-2379-4966-9940-DE738D94E982}.Debug|x86.ActiveCfg = Debug|Any CPU
		{CA4FE39C-2379-4966-9940-DE738D94E982}.Debug|x86.Build.0 = Debug|Any CPU
		{CA4FE39C-2379-4966-9940-DE738D94E982}.Release|Any CPU.ActiveCfg = Release|Any CPU
		{CA4FE39C-2379-4966-9940-DE738D94E982}.Release|Any CPU.Build.0 = Release|Any CPU
		{CA4FE39C-2379-4966-9940-DE738D94E982}.Release|ARM.ActiveCfg = Release|Any CPU
		{CA4FE39C-2379-4966-9940-DE738D94E982}.Release|ARM.Build.0 = Release|Any CPU
		{CA4FE39C-2379-4966-9940-DE738D94E982}.Release|ARM64.ActiveCfg = Release|Any CPU
		{CA4FE39C-2379-4966-9940-DE738D94E982}.Release|ARM64.Build.0 = Release|Any CPU
		{CA4FE39C-2379-4966-9940-DE738D94E982}.Release|x64.ActiveCfg = Release|Any CPU
		{CA4FE39C-2379-4966-9940-DE738D94E982}.Release|x64.Build.0 = Release|Any CPU
		{CA4FE39C-2379-4966-9940-DE738D94E982}.Release|x86.ActiveCfg = Release|Any CPU
		{CA4FE39C-2379-4966-9940-DE738D94E982}.Release|x86.Build.0 = Release|Any CPU
		{88314412-B020-415B-AEAB-57ADC43B273E}.Debug|Any CPU.ActiveCfg = Debug|Any CPU
		{88314412-B020-415B-AEAB-57ADC43B273E}.Debug|Any CPU.Build.0 = Debug|Any CPU
		{88314412-B020-415B-AEAB-57ADC43B273E}.Debug|ARM.ActiveCfg = Debug|Any CPU
		{88314412-B020-415B-AEAB-57ADC43B273E}.Debug|ARM.Build.0 = Debug|Any CPU
		{88314412-B020-415B-AEAB-57ADC43B273E}.Debug|ARM64.ActiveCfg = Debug|Any CPU
		{88314412-B020-415B-AEAB-57ADC43B273E}.Debug|ARM64.Build.0 = Debug|Any CPU
		{88314412-B020-415B-AEAB-57ADC43B273E}.Debug|x64.ActiveCfg = Debug|Any CPU
		{88314412-B020-415B-AEAB-57ADC43B273E}.Debug|x64.Build.0 = Debug|Any CPU
		{88314412-B020-415B-AEAB-57ADC43B273E}.Debug|x86.ActiveCfg = Debug|Any CPU
		{88314412-B020-415B-AEAB-57ADC43B273E}.Debug|x86.Build.0 = Debug|Any CPU
		{88314412-B020-415B-AEAB-57ADC43B273E}.Release|Any CPU.ActiveCfg = Release|Any CPU
		{88314412-B020-415B-AEAB-57ADC43B273E}.Release|Any CPU.Build.0 = Release|Any CPU
		{88314412-B020-415B-AEAB-57ADC43B273E}.Release|ARM.ActiveCfg = Release|Any CPU
		{88314412-B020-415B-AEAB-57ADC43B273E}.Release|ARM.Build.0 = Release|Any CPU
		{88314412-B020-415B-AEAB-57ADC43B273E}.Release|ARM64.ActiveCfg = Release|Any CPU
		{88314412-B020-415B-AEAB-57ADC43B273E}.Release|ARM64.Build.0 = Release|Any CPU
		{88314412-B020-415B-AEAB-57ADC43B273E}.Release|x64.ActiveCfg = Release|Any CPU
		{88314412-B020-415B-AEAB-57ADC43B273E}.Release|x64.Build.0 = Release|Any CPU
		{88314412-B020-415B-AEAB-57ADC43B273E}.Release|x86.ActiveCfg = Release|Any CPU
		{88314412-B020-415B-AEAB-57ADC43B273E}.Release|x86.Build.0 = Release|Any CPU
		{8776A0BD-DBD1-4F11-A022-400D044FF618}.Debug|Any CPU.ActiveCfg = Debug|Any CPU
		{8776A0BD-DBD1-4F11-A022-400D044FF618}.Debug|Any CPU.Build.0 = Debug|Any CPU
		{8776A0BD-DBD1-4F11-A022-400D044FF618}.Debug|ARM.ActiveCfg = Debug|Any CPU
		{8776A0BD-DBD1-4F11-A022-400D044FF618}.Debug|ARM.Build.0 = Debug|Any CPU
		{8776A0BD-DBD1-4F11-A022-400D044FF618}.Debug|ARM64.ActiveCfg = Debug|Any CPU
		{8776A0BD-DBD1-4F11-A022-400D044FF618}.Debug|ARM64.Build.0 = Debug|Any CPU
		{8776A0BD-DBD1-4F11-A022-400D044FF618}.Debug|x64.ActiveCfg = Debug|Any CPU
		{8776A0BD-DBD1-4F11-A022-400D044FF618}.Debug|x64.Build.0 = Debug|Any CPU
		{8776A0BD-DBD1-4F11-A022-400D044FF618}.Debug|x86.ActiveCfg = Debug|Any CPU
		{8776A0BD-DBD1-4F11-A022-400D044FF618}.Debug|x86.Build.0 = Debug|Any CPU
		{8776A0BD-DBD1-4F11-A022-400D044FF618}.Release|Any CPU.ActiveCfg = Release|Any CPU
		{8776A0BD-DBD1-4F11-A022-400D044FF618}.Release|Any CPU.Build.0 = Release|Any CPU
		{8776A0BD-DBD1-4F11-A022-400D044FF618}.Release|ARM.ActiveCfg = Release|Any CPU
		{8776A0BD-DBD1-4F11-A022-400D044FF618}.Release|ARM.Build.0 = Release|Any CPU
		{8776A0BD-DBD1-4F11-A022-400D044FF618}.Release|ARM64.ActiveCfg = Release|Any CPU
		{8776A0BD-DBD1-4F11-A022-400D044FF618}.Release|ARM64.Build.0 = Release|Any CPU
		{8776A0BD-DBD1-4F11-A022-400D044FF618}.Release|x64.ActiveCfg = Release|Any CPU
		{8776A0BD-DBD1-4F11-A022-400D044FF618}.Release|x64.Build.0 = Release|Any CPU
		{8776A0BD-DBD1-4F11-A022-400D044FF618}.Release|x86.ActiveCfg = Release|Any CPU
		{8776A0BD-DBD1-4F11-A022-400D044FF618}.Release|x86.Build.0 = Release|Any CPU
		{9E61CC56-43F9-489C-AAAF-BD5EC69367C4}.Debug|Any CPU.ActiveCfg = Debug|Any CPU
		{9E61CC56-43F9-489C-AAAF-BD5EC69367C4}.Debug|Any CPU.Build.0 = Debug|Any CPU
		{9E61CC56-43F9-489C-AAAF-BD5EC69367C4}.Debug|ARM.ActiveCfg = Debug|Any CPU
		{9E61CC56-43F9-489C-AAAF-BD5EC69367C4}.Debug|ARM.Build.0 = Debug|Any CPU
		{9E61CC56-43F9-489C-AAAF-BD5EC69367C4}.Debug|ARM64.ActiveCfg = Debug|Any CPU
		{9E61CC56-43F9-489C-AAAF-BD5EC69367C4}.Debug|ARM64.Build.0 = Debug|Any CPU
		{9E61CC56-43F9-489C-AAAF-BD5EC69367C4}.Debug|x64.ActiveCfg = Debug|Any CPU
		{9E61CC56-43F9-489C-AAAF-BD5EC69367C4}.Debug|x64.Build.0 = Debug|Any CPU
		{9E61CC56-43F9-489C-AAAF-BD5EC69367C4}.Debug|x86.ActiveCfg = Debug|Any CPU
		{9E61CC56-43F9-489C-AAAF-BD5EC69367C4}.Debug|x86.Build.0 = Debug|Any CPU
		{9E61CC56-43F9-489C-AAAF-BD5EC69367C4}.Release|Any CPU.ActiveCfg = Release|Any CPU
		{9E61CC56-43F9-489C-AAAF-BD5EC69367C4}.Release|Any CPU.Build.0 = Release|Any CPU
		{9E61CC56-43F9-489C-AAAF-BD5EC69367C4}.Release|ARM.ActiveCfg = Release|Any CPU
		{9E61CC56-43F9-489C-AAAF-BD5EC69367C4}.Release|ARM.Build.0 = Release|Any CPU
		{9E61CC56-43F9-489C-AAAF-BD5EC69367C4}.Release|ARM64.ActiveCfg = Release|Any CPU
		{9E61CC56-43F9-489C-AAAF-BD5EC69367C4}.Release|ARM64.Build.0 = Release|Any CPU
		{9E61CC56-43F9-489C-AAAF-BD5EC69367C4}.Release|x64.ActiveCfg = Release|Any CPU
		{9E61CC56-43F9-489C-AAAF-BD5EC69367C4}.Release|x64.Build.0 = Release|Any CPU
		{9E61CC56-43F9-489C-AAAF-BD5EC69367C4}.Release|x86.ActiveCfg = Release|Any CPU
		{9E61CC56-43F9-489C-AAAF-BD5EC69367C4}.Release|x86.Build.0 = Release|Any CPU
		{1AF20FDC-36D5-450E-9461-0F78AEB89716}.Debug|Any CPU.ActiveCfg = Debug|x86
		{1AF20FDC-36D5-450E-9461-0F78AEB89716}.Debug|ARM.ActiveCfg = Debug|x86
		{1AF20FDC-36D5-450E-9461-0F78AEB89716}.Debug|ARM64.ActiveCfg = Debug|ARM64
		{1AF20FDC-36D5-450E-9461-0F78AEB89716}.Debug|ARM64.Build.0 = Debug|ARM64
		{1AF20FDC-36D5-450E-9461-0F78AEB89716}.Debug|x64.ActiveCfg = Debug|x64
		{1AF20FDC-36D5-450E-9461-0F78AEB89716}.Debug|x64.Build.0 = Debug|x64
		{1AF20FDC-36D5-450E-9461-0F78AEB89716}.Debug|x86.ActiveCfg = Debug|x86
		{1AF20FDC-36D5-450E-9461-0F78AEB89716}.Debug|x86.Build.0 = Debug|x86
		{1AF20FDC-36D5-450E-9461-0F78AEB89716}.Release|Any CPU.ActiveCfg = Release|x86
		{1AF20FDC-36D5-450E-9461-0F78AEB89716}.Release|ARM.ActiveCfg = Release|x86
		{1AF20FDC-36D5-450E-9461-0F78AEB89716}.Release|ARM64.ActiveCfg = Release|ARM64
		{1AF20FDC-36D5-450E-9461-0F78AEB89716}.Release|ARM64.Build.0 = Release|ARM64
		{1AF20FDC-36D5-450E-9461-0F78AEB89716}.Release|x64.ActiveCfg = Release|x64
		{1AF20FDC-36D5-450E-9461-0F78AEB89716}.Release|x64.Build.0 = Release|x64
		{1AF20FDC-36D5-450E-9461-0F78AEB89716}.Release|x86.ActiveCfg = Release|x86
		{1AF20FDC-36D5-450E-9461-0F78AEB89716}.Release|x86.Build.0 = Release|x86
		{C8AB398F-10C2-4B97-87F0-F09B922947D6}.Debug|Any CPU.ActiveCfg = Debug|x86
		{C8AB398F-10C2-4B97-87F0-F09B922947D6}.Debug|ARM.ActiveCfg = Debug|x86
		{C8AB398F-10C2-4B97-87F0-F09B922947D6}.Debug|ARM64.ActiveCfg = Debug|ARM64
		{C8AB398F-10C2-4B97-87F0-F09B922947D6}.Debug|ARM64.Build.0 = Debug|ARM64
		{C8AB398F-10C2-4B97-87F0-F09B922947D6}.Debug|x64.ActiveCfg = Debug|x64
		{C8AB398F-10C2-4B97-87F0-F09B922947D6}.Debug|x64.Build.0 = Debug|x64
		{C8AB398F-10C2-4B97-87F0-F09B922947D6}.Debug|x86.ActiveCfg = Debug|x86
		{C8AB398F-10C2-4B97-87F0-F09B922947D6}.Debug|x86.Build.0 = Debug|x86
		{C8AB398F-10C2-4B97-87F0-F09B922947D6}.Release|Any CPU.ActiveCfg = Release|x86
		{C8AB398F-10C2-4B97-87F0-F09B922947D6}.Release|ARM.ActiveCfg = Release|x86
		{C8AB398F-10C2-4B97-87F0-F09B922947D6}.Release|ARM64.ActiveCfg = Release|ARM64
		{C8AB398F-10C2-4B97-87F0-F09B922947D6}.Release|ARM64.Build.0 = Release|ARM64
		{C8AB398F-10C2-4B97-87F0-F09B922947D6}.Release|x64.ActiveCfg = Release|x64
		{C8AB398F-10C2-4B97-87F0-F09B922947D6}.Release|x64.Build.0 = Release|x64
		{C8AB398F-10C2-4B97-87F0-F09B922947D6}.Release|x86.ActiveCfg = Release|x86
		{C8AB398F-10C2-4B97-87F0-F09B922947D6}.Release|x86.Build.0 = Release|x86
		{CAE9B987-6DB2-42A8-B3F2-3BB700CC4DD8}.Debug|Any CPU.ActiveCfg = Debug|Any CPU
		{CAE9B987-6DB2-42A8-B3F2-3BB700CC4DD8}.Debug|Any CPU.Build.0 = Debug|Any CPU
		{CAE9B987-6DB2-42A8-B3F2-3BB700CC4DD8}.Debug|ARM.ActiveCfg = Debug|ARM
		{CAE9B987-6DB2-42A8-B3F2-3BB700CC4DD8}.Debug|ARM.Build.0 = Debug|ARM
		{CAE9B987-6DB2-42A8-B3F2-3BB700CC4DD8}.Debug|ARM64.ActiveCfg = Debug|ARM64
		{CAE9B987-6DB2-42A8-B3F2-3BB700CC4DD8}.Debug|ARM64.Build.0 = Debug|ARM64
		{CAE9B987-6DB2-42A8-B3F2-3BB700CC4DD8}.Debug|x64.ActiveCfg = Debug|x64
		{CAE9B987-6DB2-42A8-B3F2-3BB700CC4DD8}.Debug|x64.Build.0 = Debug|x64
		{CAE9B987-6DB2-42A8-B3F2-3BB700CC4DD8}.Debug|x86.ActiveCfg = Debug|x86
		{CAE9B987-6DB2-42A8-B3F2-3BB700CC4DD8}.Debug|x86.Build.0 = Debug|x86
		{CAE9B987-6DB2-42A8-B3F2-3BB700CC4DD8}.Release|Any CPU.ActiveCfg = Release|Any CPU
		{CAE9B987-6DB2-42A8-B3F2-3BB700CC4DD8}.Release|Any CPU.Build.0 = Release|Any CPU
		{CAE9B987-6DB2-42A8-B3F2-3BB700CC4DD8}.Release|ARM.ActiveCfg = Release|ARM
		{CAE9B987-6DB2-42A8-B3F2-3BB700CC4DD8}.Release|ARM.Build.0 = Release|ARM
		{CAE9B987-6DB2-42A8-B3F2-3BB700CC4DD8}.Release|ARM64.ActiveCfg = Release|ARM64
		{CAE9B987-6DB2-42A8-B3F2-3BB700CC4DD8}.Release|ARM64.Build.0 = Release|ARM64
		{CAE9B987-6DB2-42A8-B3F2-3BB700CC4DD8}.Release|x64.ActiveCfg = Release|x64
		{CAE9B987-6DB2-42A8-B3F2-3BB700CC4DD8}.Release|x64.Build.0 = Release|x64
		{CAE9B987-6DB2-42A8-B3F2-3BB700CC4DD8}.Release|x86.ActiveCfg = Release|x86
		{CAE9B987-6DB2-42A8-B3F2-3BB700CC4DD8}.Release|x86.Build.0 = Release|x86
		{5213E830-43F5-491E-A8EF-D75083578EF3}.Debug|Any CPU.ActiveCfg = Debug|x86
		{5213E830-43F5-491E-A8EF-D75083578EF3}.Debug|ARM.ActiveCfg = Debug|x86
		{5213E830-43F5-491E-A8EF-D75083578EF3}.Debug|ARM64.ActiveCfg = Debug|ARM64
		{5213E830-43F5-491E-A8EF-D75083578EF3}.Debug|ARM64.Build.0 = Debug|ARM64
		{5213E830-43F5-491E-A8EF-D75083578EF3}.Debug|x64.ActiveCfg = Debug|x64
		{5213E830-43F5-491E-A8EF-D75083578EF3}.Debug|x64.Build.0 = Debug|x64
		{5213E830-43F5-491E-A8EF-D75083578EF3}.Debug|x86.ActiveCfg = Debug|x86
		{5213E830-43F5-491E-A8EF-D75083578EF3}.Debug|x86.Build.0 = Debug|x86
		{5213E830-43F5-491E-A8EF-D75083578EF3}.Release|Any CPU.ActiveCfg = Release|x86
		{5213E830-43F5-491E-A8EF-D75083578EF3}.Release|ARM.ActiveCfg = Release|x86
		{5213E830-43F5-491E-A8EF-D75083578EF3}.Release|ARM64.ActiveCfg = Release|ARM64
		{5213E830-43F5-491E-A8EF-D75083578EF3}.Release|ARM64.Build.0 = Release|ARM64
		{5213E830-43F5-491E-A8EF-D75083578EF3}.Release|x64.ActiveCfg = Release|x64
		{5213E830-43F5-491E-A8EF-D75083578EF3}.Release|x64.Build.0 = Release|x64
		{5213E830-43F5-491E-A8EF-D75083578EF3}.Release|x86.ActiveCfg = Release|x86
		{5213E830-43F5-491E-A8EF-D75083578EF3}.Release|x86.Build.0 = Release|x86
		{0187840F-8D1A-4198-B5BF-8B05CADB4554}.Debug|Any CPU.ActiveCfg = Debug|Any CPU
		{0187840F-8D1A-4198-B5BF-8B05CADB4554}.Debug|Any CPU.Build.0 = Debug|Any CPU
		{0187840F-8D1A-4198-B5BF-8B05CADB4554}.Debug|ARM.ActiveCfg = Debug|Any CPU
		{0187840F-8D1A-4198-B5BF-8B05CADB4554}.Debug|ARM.Build.0 = Debug|Any CPU
		{0187840F-8D1A-4198-B5BF-8B05CADB4554}.Debug|ARM64.ActiveCfg = Debug|Any CPU
		{0187840F-8D1A-4198-B5BF-8B05CADB4554}.Debug|ARM64.Build.0 = Debug|Any CPU
		{0187840F-8D1A-4198-B5BF-8B05CADB4554}.Debug|x64.ActiveCfg = Debug|Any CPU
		{0187840F-8D1A-4198-B5BF-8B05CADB4554}.Debug|x64.Build.0 = Debug|Any CPU
		{0187840F-8D1A-4198-B5BF-8B05CADB4554}.Debug|x86.ActiveCfg = Debug|Any CPU
		{0187840F-8D1A-4198-B5BF-8B05CADB4554}.Debug|x86.Build.0 = Debug|Any CPU
		{0187840F-8D1A-4198-B5BF-8B05CADB4554}.Release|Any CPU.ActiveCfg = Release|Any CPU
		{0187840F-8D1A-4198-B5BF-8B05CADB4554}.Release|Any CPU.Build.0 = Release|Any CPU
		{0187840F-8D1A-4198-B5BF-8B05CADB4554}.Release|ARM.ActiveCfg = Release|Any CPU
		{0187840F-8D1A-4198-B5BF-8B05CADB4554}.Release|ARM.Build.0 = Release|Any CPU
		{0187840F-8D1A-4198-B5BF-8B05CADB4554}.Release|ARM64.ActiveCfg = Release|Any CPU
		{0187840F-8D1A-4198-B5BF-8B05CADB4554}.Release|ARM64.Build.0 = Release|Any CPU
		{0187840F-8D1A-4198-B5BF-8B05CADB4554}.Release|x64.ActiveCfg = Release|Any CPU
		{0187840F-8D1A-4198-B5BF-8B05CADB4554}.Release|x64.Build.0 = Release|Any CPU
		{0187840F-8D1A-4198-B5BF-8B05CADB4554}.Release|x86.ActiveCfg = Release|Any CPU
		{0187840F-8D1A-4198-B5BF-8B05CADB4554}.Release|x86.Build.0 = Release|Any CPU
		{B9CD5845-2DE3-40FC-BC0F-27C406929551}.Debug|Any CPU.ActiveCfg = Debug|Any CPU
		{B9CD5845-2DE3-40FC-BC0F-27C406929551}.Debug|Any CPU.Build.0 = Debug|Any CPU
		{B9CD5845-2DE3-40FC-BC0F-27C406929551}.Debug|ARM.ActiveCfg = Debug|ARM
		{B9CD5845-2DE3-40FC-BC0F-27C406929551}.Debug|ARM.Build.0 = Debug|ARM
		{B9CD5845-2DE3-40FC-BC0F-27C406929551}.Debug|ARM64.ActiveCfg = Debug|ARM64
		{B9CD5845-2DE3-40FC-BC0F-27C406929551}.Debug|ARM64.Build.0 = Debug|ARM64
		{B9CD5845-2DE3-40FC-BC0F-27C406929551}.Debug|x64.ActiveCfg = Debug|x64
		{B9CD5845-2DE3-40FC-BC0F-27C406929551}.Debug|x64.Build.0 = Debug|x64
		{B9CD5845-2DE3-40FC-BC0F-27C406929551}.Debug|x86.ActiveCfg = Debug|x86
		{B9CD5845-2DE3-40FC-BC0F-27C406929551}.Debug|x86.Build.0 = Debug|x86
		{B9CD5845-2DE3-40FC-BC0F-27C406929551}.Release|Any CPU.ActiveCfg = Release|Any CPU
		{B9CD5845-2DE3-40FC-BC0F-27C406929551}.Release|Any CPU.Build.0 = Release|Any CPU
		{B9CD5845-2DE3-40FC-BC0F-27C406929551}.Release|ARM.ActiveCfg = Release|ARM
		{B9CD5845-2DE3-40FC-BC0F-27C406929551}.Release|ARM.Build.0 = Release|ARM
		{B9CD5845-2DE3-40FC-BC0F-27C406929551}.Release|ARM64.ActiveCfg = Release|ARM64
		{B9CD5845-2DE3-40FC-BC0F-27C406929551}.Release|ARM64.Build.0 = Release|ARM64
		{B9CD5845-2DE3-40FC-BC0F-27C406929551}.Release|x64.ActiveCfg = Release|x64
		{B9CD5845-2DE3-40FC-BC0F-27C406929551}.Release|x64.Build.0 = Release|x64
		{B9CD5845-2DE3-40FC-BC0F-27C406929551}.Release|x86.ActiveCfg = Release|x86
		{B9CD5845-2DE3-40FC-BC0F-27C406929551}.Release|x86.Build.0 = Release|x86
	EndGlobalSection
	GlobalSection(SolutionProperties) = preSolution
		HideSolutionNode = FALSE
	EndGlobalSection
	GlobalSection(NestedProjects) = preSolution
		{64837010-4A71-4BF6-8ADF-66A251650A11} = {810B7F1B-97AD-4422-93C8-562AD50CE4DB}
		{793EC923-D704-4C6F-9506-EB6A32BFBB8D} = {64837010-4A71-4BF6-8ADF-66A251650A11}
		{48DF06B5-90AD-4AC6-81F7-B381DB093B09} = {810B7F1B-97AD-4422-93C8-562AD50CE4DB}
		{07B6D3B7-0AC0-489B-BF27-588AB6226B1C} = {48DF06B5-90AD-4AC6-81F7-B381DB093B09}
		{CA4FE39C-2379-4966-9940-DE738D94E982} = {48DF06B5-90AD-4AC6-81F7-B381DB093B09}
		{88314412-B020-415B-AEAB-57ADC43B273E} = {232C0E31-606A-48CD-B860-2E9155EAB4C6}
		{8776A0BD-DBD1-4F11-A022-400D044FF618} = {232C0E31-606A-48CD-B860-2E9155EAB4C6}
		{9E61CC56-43F9-489C-AAAF-BD5EC69367C4} = {232C0E31-606A-48CD-B860-2E9155EAB4C6}
		{1AF20FDC-36D5-450E-9461-0F78AEB89716} = {82E6DD11-BBC1-4BFC-A244-593EE27BF250}
		{C8AB398F-10C2-4B97-87F0-F09B922947D6} = {45B5DFF9-9F13-4BF3-B561-8ABBDFE5C237}
		{CAE9B987-6DB2-42A8-B3F2-3BB700CC4DD8} = {45B5DFF9-9F13-4BF3-B561-8ABBDFE5C237}
		{5213E830-43F5-491E-A8EF-D75083578EF3} = {65F17D44-343F-4B87-A726-3BE3E48168B4}
		{0187840F-8D1A-4198-B5BF-8B05CADB4554} = {232C0E31-606A-48CD-B860-2E9155EAB4C6}
		{B9CD5845-2DE3-40FC-BC0F-27C406929551} = {45B5DFF9-9F13-4BF3-B561-8ABBDFE5C237}
	EndGlobalSection
	GlobalSection(ExtensibilityGlobals) = postSolution
		SolutionGuid = {563225C5-4D56-446B-9ADE-09D3F0DE7963}
	EndGlobalSection
EndGlobal
