
Microsoft Visual Studio Solution File, Format Version 12.00
# Visual Studio Version 17
VisualStudioVersion = 17.0.31410.414
MinimumVisualStudioVersion = 10.0.40219.1
Project("{FAE04EC0-301F-11D3-BF4B-00C04F79EFBC}") = "App", "src\App\App.csproj", "{1C288BC0-72F3-4C4C-90AD-A05B52E937B0}"
EndProject
Project("{2150E333-8FDC-42A3-9474-1A3956D46DE8}") = "Utilities", "Utilities", "{810B7F1B-97AD-4422-93C8-562AD50CE4DB}"
EndProject
Project("{2150E333-8FDC-42A3-9474-1A3956D46DE8}") = "Toolkit", "Toolkit", "{48DF06B5-90AD-4AC6-81F7-B381DB093B09}"
EndProject
Project("{FAE04EC0-301F-11D3-BF4B-00C04F79EFBC}") = "Toolkit.Uwp", "src\Utilities\Toolkit\Toolkit.Uwp\Toolkit.Uwp.csproj", "{07B6D3B7-0AC0-489B-BF27-588AB6226B1C}"
EndProject
Project("{9A19103F-16F7-4668-BE54-9A1E7A4F7556}") = "Toolkit.Interfaces", "src\Utilities\Toolkit\Toolkit.Interfaces\Toolkit.Interfaces.csproj", "{CA4FE39C-2379-4966-9940-DE738D94E982}"
EndProject
Project("{2150E333-8FDC-42A3-9474-1A3956D46DE8}") = "Models", "Models", "{232C0E31-606A-48CD-B860-2E9155EAB4C6}"
EndProject
Project("{9A19103F-16F7-4668-BE54-9A1E7A4F7556}") = "Models.Enums", "src\Models\Models.Enums\Models.Enums.csproj", "{88314412-B020-415B-AEAB-57ADC43B273E}"
EndProject
Project("{9A19103F-16F7-4668-BE54-9A1E7A4F7556}") = "Models.BiliBili", "src\Models\Models.BiliBili\Models.BiliBili.csproj", "{8776A0BD-DBD1-4F11-A022-400D044FF618}"
EndProject
Project("{9A19103F-16F7-4668-BE54-9A1E7A4F7556}") = "Models.App", "src\Models\Models.App\Models.App.csproj", "{9E61CC56-43F9-489C-AAAF-BD5EC69367C4}"
EndProject
Project("{2150E333-8FDC-42A3-9474-1A3956D46DE8}") = "ViewModels", "ViewModels", "{82E6DD11-BBC1-4BFC-A244-593EE27BF250}"
EndProject
Project("{FAE04EC0-301F-11D3-BF4B-00C04F79EFBC}") = "ViewModels.Uwp", "src\ViewModels\ViewModels.Uwp\ViewModels.Uwp.csproj", "{1AF20FDC-36D5-450E-9461-0F78AEB89716}"
EndProject
Project("{2150E333-8FDC-42A3-9474-1A3956D46DE8}") = "Lib", "Lib", "{45B5DFF9-9F13-4BF3-B561-8ABBDFE5C237}"
EndProject
Project("{9A19103F-16F7-4668-BE54-9A1E7A4F7556}") = "Models.gRPC", "src\Models\Models.gRPC\Models.gRPC.csproj", "{0187840F-8D1A-4198-B5BF-8B05CADB4554}"
EndProject
Project("{FAE04EC0-301F-11D3-BF4B-00C04F79EFBC}") = "FrostMaster.Uwp", "src\Lib\FrostMaster.Uwp\FrostMaster.Uwp.csproj", "{B9CD5845-2DE3-40FC-BC0F-27C406929551}"
EndProject
Project("{FAE04EC0-301F-11D3-BF4B-00C04F79EFBC}") = "Tasks", "src\Tasks\Tasks.csproj", "{C7BEA810-0F31-4176-99A0-4481733918DE}"
EndProject
Project("{9A19103F-16F7-4668-BE54-9A1E7A4F7556}") = "Models.Data", "src\Models\Models.Data\Models.Data.csproj", "{C4DBF0B2-C71A-4528-BF15-B0A7A25B2510}"
EndProject
Project("{2150E333-8FDC-42A3-9474-1A3956D46DE8}") = "Adapter", "Adapter", "{8B044ABB-C591-44E5-B7C6-B2F7262F5C1D}"
EndProject
Project("{9A19103F-16F7-4668-BE54-9A1E7A4F7556}") = "Adapter.Interfaces", "src\Adapter\Adapter.Interfaces\Adapter.Interfaces.csproj", "{3046F10C-456E-43D3-8F13-3855EE2D9344}"
EndProject
Project("{9A19103F-16F7-4668-BE54-9A1E7A4F7556}") = "Adapter.Implementation", "src\Adapter\Adapter.Implementation\Adapter.Implementation.csproj", "{9C3E4744-E870-490B-A7DB-1473A0DB355F}"
EndProject
Project("{9A19103F-16F7-4668-BE54-9A1E7A4F7556}") = "Adapter.UnitTests", "src\Adapter\Adapter.UnitTests\Adapter.UnitTests.csproj", "{B9B87F56-8AFE-4F6E-B2A9-AFA8D118FC67}"
EndProject
Project("{9A19103F-16F7-4668-BE54-9A1E7A4F7556}") = "ViewModels.Interfaces", "src\ViewModels\ViewModels.Interfaces\ViewModels.Interfaces.csproj", "{CD9930DC-36A8-45FC-8824-C8B3FA873FAD}"
EndProject
Project("{FAE04EC0-301F-11D3-BF4B-00C04F79EFBC}") = "SignIn.Uwp", "src\Lib\SignIn.Uwp\SignIn.Uwp.csproj", "{1E466E0C-5218-4892-9FDD-0E777795C545}"
EndProject
Project("{9A19103F-16F7-4668-BE54-9A1E7A4F7556}") = "Lib.Implementation", "src\Lib\Lib.Implementation\Lib.Implementation.csproj", "{EE5C62AF-B6B7-4CF9-895F-60ADC1801175}"
EndProject
Project("{9A19103F-16F7-4668-BE54-9A1E7A4F7556}") = "Lib.Interfaces", "src\Lib\Lib.Interfaces\Lib.Interfaces.csproj", "{83DD339B-EA58-4380-8994-02FA6708CC7A}"
EndProject
Project("{9A19103F-16F7-4668-BE54-9A1E7A4F7556}") = "Toolkit.Fake", "src\Utilities\Toolkit\Toolkit.Fake\Toolkit.Fake.csproj", "{6832083A-A832-4DF4-B3F7-C83D1F51BB95}"
EndProject
Project("{FAE04EC0-301F-11D3-BF4B-00C04F79EFBC}") = "DI.App", "src\Lib\DI.App\DI.App.csproj", "{18D92F2F-046E-4A35-83FC-476B097BB8B7}"
EndProject
Project("{FAE04EC0-301F-11D3-BF4B-00C04F79EFBC}") = "DI.Task", "src\Lib\DI.Task\DI.Task.csproj", "{A87244E1-94AB-40E6-A32B-1972429FBCB2}"
EndProject
Project("{9A19103F-16F7-4668-BE54-9A1E7A4F7556}") = "DI.Container", "src\Lib\DI.Container\DI.Container.csproj", "{81B36A8C-E9A5-46F1-B803-B4D329C6E4B4}"
EndProject
Project("{9A19103F-16F7-4668-BE54-9A1E7A4F7556}") = "Models.Workspace", "src\Models\Models.Workspace\Models.Workspace.csproj", "{47666400-8C76-4DEC-9387-385DA31187C9}"
EndProject
Global
	GlobalSection(SolutionConfigurationPlatforms) = preSolution
		Debug|Any CPU = Debug|Any CPU
		Debug|ARM = Debug|ARM
		Debug|ARM64 = Debug|ARM64
		Debug|x64 = Debug|x64
		Debug|x86 = Debug|x86
		Release|Any CPU = Release|Any CPU
		Release|ARM = Release|ARM
		Release|ARM64 = Release|ARM64
		Release|x64 = Release|x64
		Release|x86 = Release|x86
	EndGlobalSection
	GlobalSection(ProjectConfigurationPlatforms) = postSolution
		{1C288BC0-72F3-4C4C-90AD-A05B52E937B0}.Debug|Any CPU.ActiveCfg = Debug|x86
		{1C288BC0-72F3-4C4C-90AD-A05B52E937B0}.Debug|ARM.ActiveCfg = Debug|x86
		{1C288BC0-72F3-4C4C-90AD-A05B52E937B0}.Debug|ARM64.ActiveCfg = Debug|ARM64
		{1C288BC0-72F3-4C4C-90AD-A05B52E937B0}.Debug|ARM64.Build.0 = Debug|ARM64
		{1C288BC0-72F3-4C4C-90AD-A05B52E937B0}.Debug|ARM64.Deploy.0 = Debug|ARM64
		{1C288BC0-72F3-4C4C-90AD-A05B52E937B0}.Debug|x64.ActiveCfg = Debug|x64
		{1C288BC0-72F3-4C4C-90AD-A05B52E937B0}.Debug|x64.Build.0 = Debug|x64
		{1C288BC0-72F3-4C4C-90AD-A05B52E937B0}.Debug|x64.Deploy.0 = Debug|x64
		{1C288BC0-72F3-4C4C-90AD-A05B52E937B0}.Debug|x86.ActiveCfg = Debug|x86
		{1C288BC0-72F3-4C4C-90AD-A05B52E937B0}.Debug|x86.Build.0 = Debug|x86
		{1C288BC0-72F3-4C4C-90AD-A05B52E937B0}.Debug|x86.Deploy.0 = Debug|x86
		{1C288BC0-72F3-4C4C-90AD-A05B52E937B0}.Release|Any CPU.ActiveCfg = Release|x86
		{1C288BC0-72F3-4C4C-90AD-A05B52E937B0}.Release|ARM.ActiveCfg = Release|x86
		{1C288BC0-72F3-4C4C-90AD-A05B52E937B0}.Release|ARM64.ActiveCfg = Release|ARM64
		{1C288BC0-72F3-4C4C-90AD-A05B52E937B0}.Release|ARM64.Build.0 = Release|ARM64
		{1C288BC0-72F3-4C4C-90AD-A05B52E937B0}.Release|ARM64.Deploy.0 = Release|ARM64
		{1C288BC0-72F3-4C4C-90AD-A05B52E937B0}.Release|x64.ActiveCfg = Release|x64
		{1C288BC0-72F3-4C4C-90AD-A05B52E937B0}.Release|x64.Build.0 = Release|x64
		{1C288BC0-72F3-4C4C-90AD-A05B52E937B0}.Release|x64.Deploy.0 = Release|x64
		{1C288BC0-72F3-4C4C-90AD-A05B52E937B0}.Release|x86.ActiveCfg = Release|x86
		{1C288BC0-72F3-4C4C-90AD-A05B52E937B0}.Release|x86.Build.0 = Release|x86
		{1C288BC0-72F3-4C4C-90AD-A05B52E937B0}.Release|x86.Deploy.0 = Release|x86
		{07B6D3B7-0AC0-489B-BF27-588AB6226B1C}.Debug|Any CPU.ActiveCfg = Debug|x86
		{07B6D3B7-0AC0-489B-BF27-588AB6226B1C}.Debug|ARM.ActiveCfg = Debug|x86
		{07B6D3B7-0AC0-489B-BF27-588AB6226B1C}.Debug|ARM64.ActiveCfg = Debug|ARM64
		{07B6D3B7-0AC0-489B-BF27-588AB6226B1C}.Debug|ARM64.Build.0 = Debug|ARM64
		{07B6D3B7-0AC0-489B-BF27-588AB6226B1C}.Debug|x64.ActiveCfg = Debug|x64
		{07B6D3B7-0AC0-489B-BF27-588AB6226B1C}.Debug|x64.Build.0 = Debug|x64
		{07B6D3B7-0AC0-489B-BF27-588AB6226B1C}.Debug|x86.ActiveCfg = Debug|x86
		{07B6D3B7-0AC0-489B-BF27-588AB6226B1C}.Debug|x86.Build.0 = Debug|x86
		{07B6D3B7-0AC0-489B-BF27-588AB6226B1C}.Release|Any CPU.ActiveCfg = Release|x86
		{07B6D3B7-0AC0-489B-BF27-588AB6226B1C}.Release|ARM.ActiveCfg = Release|x86
		{07B6D3B7-0AC0-489B-BF27-588AB6226B1C}.Release|ARM64.ActiveCfg = Release|ARM64
		{07B6D3B7-0AC0-489B-BF27-588AB6226B1C}.Release|ARM64.Build.0 = Release|ARM64
		{07B6D3B7-0AC0-489B-BF27-588AB6226B1C}.Release|x64.ActiveCfg = Release|x64
		{07B6D3B7-0AC0-489B-BF27-588AB6226B1C}.Release|x64.Build.0 = Release|x64
		{07B6D3B7-0AC0-489B-BF27-588AB6226B1C}.Release|x86.ActiveCfg = Release|x86
		{07B6D3B7-0AC0-489B-BF27-588AB6226B1C}.Release|x86.Build.0 = Release|x86
		{CA4FE39C-2379-4966-9940-DE738D94E982}.Debug|Any CPU.ActiveCfg = Debug|Any CPU
		{CA4FE39C-2379-4966-9940-DE738D94E982}.Debug|Any CPU.Build.0 = Debug|Any CPU
		{CA4FE39C-2379-4966-9940-DE738D94E982}.Debug|ARM.ActiveCfg = Debug|Any CPU
		{CA4FE39C-2379-4966-9940-DE738D94E982}.Debug|ARM.Build.0 = Debug|Any CPU
		{CA4FE39C-2379-4966-9940-DE738D94E982}.Debug|ARM64.ActiveCfg = Debug|Any CPU
		{CA4FE39C-2379-4966-9940-DE738D94E982}.Debug|ARM64.Build.0 = Debug|Any CPU
		{CA4FE39C-2379-4966-9940-DE738D94E982}.Debug|x64.ActiveCfg = Debug|Any CPU
		{CA4FE39C-2379-4966-9940-DE738D94E982}.Debug|x64.Build.0 = Debug|Any CPU
		{CA4FE39C-2379-4966-9940-DE738D94E982}.Debug|x86.ActiveCfg = Debug|Any CPU
		{CA4FE39C-2379-4966-9940-DE738D94E982}.Debug|x86.Build.0 = Debug|Any CPU
		{CA4FE39C-2379-4966-9940-DE738D94E982}.Release|Any CPU.ActiveCfg = Release|Any CPU
		{CA4FE39C-2379-4966-9940-DE738D94E982}.Release|Any CPU.Build.0 = Release|Any CPU
		{CA4FE39C-2379-4966-9940-DE738D94E982}.Release|ARM.ActiveCfg = Release|Any CPU
		{CA4FE39C-2379-4966-9940-DE738D94E982}.Release|ARM.Build.0 = Release|Any CPU
		{CA4FE39C-2379-4966-9940-DE738D94E982}.Release|ARM64.ActiveCfg = Release|Any CPU
		{CA4FE39C-2379-4966-9940-DE738D94E982}.Release|ARM64.Build.0 = Release|Any CPU
		{CA4FE39C-2379-4966-9940-DE738D94E982}.Release|x64.ActiveCfg = Release|Any CPU
		{CA4FE39C-2379-4966-9940-DE738D94E982}.Release|x64.Build.0 = Release|Any CPU
		{CA4FE39C-2379-4966-9940-DE738D94E982}.Release|x86.ActiveCfg = Release|Any CPU
		{CA4FE39C-2379-4966-9940-DE738D94E982}.Release|x86.Build.0 = Release|Any CPU
		{88314412-B020-415B-AEAB-57ADC43B273E}.Debug|Any CPU.ActiveCfg = Debug|Any CPU
		{88314412-B020-415B-AEAB-57ADC43B273E}.Debug|Any CPU.Build.0 = Debug|Any CPU
		{88314412-B020-415B-AEAB-57ADC43B273E}.Debug|ARM.ActiveCfg = Debug|Any CPU
		{88314412-B020-415B-AEAB-57ADC43B273E}.Debug|ARM.Build.0 = Debug|Any CPU
		{88314412-B020-415B-AEAB-57ADC43B273E}.Debug|ARM64.ActiveCfg = Debug|Any CPU
		{88314412-B020-415B-AEAB-57ADC43B273E}.Debug|ARM64.Build.0 = Debug|Any CPU
		{88314412-B020-415B-AEAB-57ADC43B273E}.Debug|x64.ActiveCfg = Debug|Any CPU
		{88314412-B020-415B-AEAB-57ADC43B273E}.Debug|x64.Build.0 = Debug|Any CPU
		{88314412-B020-415B-AEAB-57ADC43B273E}.Debug|x86.ActiveCfg = Debug|Any CPU
		{88314412-B020-415B-AEAB-57ADC43B273E}.Debug|x86.Build.0 = Debug|Any CPU
		{88314412-B020-415B-AEAB-57ADC43B273E}.Release|Any CPU.ActiveCfg = Release|Any CPU
		{88314412-B020-415B-AEAB-57ADC43B273E}.Release|Any CPU.Build.0 = Release|Any CPU
		{88314412-B020-415B-AEAB-57ADC43B273E}.Release|ARM.ActiveCfg = Release|Any CPU
		{88314412-B020-415B-AEAB-57ADC43B273E}.Release|ARM.Build.0 = Release|Any CPU
		{88314412-B020-415B-AEAB-57ADC43B273E}.Release|ARM64.ActiveCfg = Release|Any CPU
		{88314412-B020-415B-AEAB-57ADC43B273E}.Release|ARM64.Build.0 = Release|Any CPU
		{88314412-B020-415B-AEAB-57ADC43B273E}.Release|x64.ActiveCfg = Release|Any CPU
		{88314412-B020-415B-AEAB-57ADC43B273E}.Release|x64.Build.0 = Release|Any CPU
		{88314412-B020-415B-AEAB-57ADC43B273E}.Release|x86.ActiveCfg = Release|Any CPU
		{88314412-B020-415B-AEAB-57ADC43B273E}.Release|x86.Build.0 = Release|Any CPU
		{8776A0BD-DBD1-4F11-A022-400D044FF618}.Debug|Any CPU.ActiveCfg = Debug|Any CPU
		{8776A0BD-DBD1-4F11-A022-400D044FF618}.Debug|Any CPU.Build.0 = Debug|Any CPU
		{8776A0BD-DBD1-4F11-A022-400D044FF618}.Debug|ARM.ActiveCfg = Debug|Any CPU
		{8776A0BD-DBD1-4F11-A022-400D044FF618}.Debug|ARM.Build.0 = Debug|Any CPU
		{8776A0BD-DBD1-4F11-A022-400D044FF618}.Debug|ARM64.ActiveCfg = Debug|Any CPU
		{8776A0BD-DBD1-4F11-A022-400D044FF618}.Debug|ARM64.Build.0 = Debug|Any CPU
		{8776A0BD-DBD1-4F11-A022-400D044FF618}.Debug|x64.ActiveCfg = Debug|Any CPU
		{8776A0BD-DBD1-4F11-A022-400D044FF618}.Debug|x64.Build.0 = Debug|Any CPU
		{8776A0BD-DBD1-4F11-A022-400D044FF618}.Debug|x86.ActiveCfg = Debug|Any CPU
		{8776A0BD-DBD1-4F11-A022-400D044FF618}.Debug|x86.Build.0 = Debug|Any CPU
		{8776A0BD-DBD1-4F11-A022-400D044FF618}.Release|Any CPU.ActiveCfg = Release|Any CPU
		{8776A0BD-DBD1-4F11-A022-400D044FF618}.Release|Any CPU.Build.0 = Release|Any CPU
		{8776A0BD-DBD1-4F11-A022-400D044FF618}.Release|ARM.ActiveCfg = Release|Any CPU
		{8776A0BD-DBD1-4F11-A022-400D044FF618}.Release|ARM.Build.0 = Release|Any CPU
		{8776A0BD-DBD1-4F11-A022-400D044FF618}.Release|ARM64.ActiveCfg = Release|Any CPU
		{8776A0BD-DBD1-4F11-A022-400D044FF618}.Release|ARM64.Build.0 = Release|Any CPU
		{8776A0BD-DBD1-4F11-A022-400D044FF618}.Release|x64.ActiveCfg = Release|Any CPU
		{8776A0BD-DBD1-4F11-A022-400D044FF618}.Release|x64.Build.0 = Release|Any CPU
		{8776A0BD-DBD1-4F11-A022-400D044FF618}.Release|x86.ActiveCfg = Release|Any CPU
		{8776A0BD-DBD1-4F11-A022-400D044FF618}.Release|x86.Build.0 = Release|Any CPU
		{9E61CC56-43F9-489C-AAAF-BD5EC69367C4}.Debug|Any CPU.ActiveCfg = Debug|Any CPU
		{9E61CC56-43F9-489C-AAAF-BD5EC69367C4}.Debug|Any CPU.Build.0 = Debug|Any CPU
		{9E61CC56-43F9-489C-AAAF-BD5EC69367C4}.Debug|ARM.ActiveCfg = Debug|Any CPU
		{9E61CC56-43F9-489C-AAAF-BD5EC69367C4}.Debug|ARM.Build.0 = Debug|Any CPU
		{9E61CC56-43F9-489C-AAAF-BD5EC69367C4}.Debug|ARM64.ActiveCfg = Debug|Any CPU
		{9E61CC56-43F9-489C-AAAF-BD5EC69367C4}.Debug|ARM64.Build.0 = Debug|Any CPU
		{9E61CC56-43F9-489C-AAAF-BD5EC69367C4}.Debug|x64.ActiveCfg = Debug|Any CPU
		{9E61CC56-43F9-489C-AAAF-BD5EC69367C4}.Debug|x64.Build.0 = Debug|Any CPU
		{9E61CC56-43F9-489C-AAAF-BD5EC69367C4}.Debug|x86.ActiveCfg = Debug|Any CPU
		{9E61CC56-43F9-489C-AAAF-BD5EC69367C4}.Debug|x86.Build.0 = Debug|Any CPU
		{9E61CC56-43F9-489C-AAAF-BD5EC69367C4}.Release|Any CPU.ActiveCfg = Release|Any CPU
		{9E61CC56-43F9-489C-AAAF-BD5EC69367C4}.Release|Any CPU.Build.0 = Release|Any CPU
		{9E61CC56-43F9-489C-AAAF-BD5EC69367C4}.Release|ARM.ActiveCfg = Release|Any CPU
		{9E61CC56-43F9-489C-AAAF-BD5EC69367C4}.Release|ARM.Build.0 = Release|Any CPU
		{9E61CC56-43F9-489C-AAAF-BD5EC69367C4}.Release|ARM64.ActiveCfg = Release|Any CPU
		{9E61CC56-43F9-489C-AAAF-BD5EC69367C4}.Release|ARM64.Build.0 = Release|Any CPU
		{9E61CC56-43F9-489C-AAAF-BD5EC69367C4}.Release|x64.ActiveCfg = Release|Any CPU
		{9E61CC56-43F9-489C-AAAF-BD5EC69367C4}.Release|x64.Build.0 = Release|Any CPU
		{9E61CC56-43F9-489C-AAAF-BD5EC69367C4}.Release|x86.ActiveCfg = Release|Any CPU
		{9E61CC56-43F9-489C-AAAF-BD5EC69367C4}.Release|x86.Build.0 = Release|Any CPU
		{1AF20FDC-36D5-450E-9461-0F78AEB89716}.Debug|Any CPU.ActiveCfg = Debug|x86
		{1AF20FDC-36D5-450E-9461-0F78AEB89716}.Debug|ARM.ActiveCfg = Debug|x86
		{1AF20FDC-36D5-450E-9461-0F78AEB89716}.Debug|ARM64.ActiveCfg = Debug|ARM64
		{1AF20FDC-36D5-450E-9461-0F78AEB89716}.Debug|ARM64.Build.0 = Debug|ARM64
		{1AF20FDC-36D5-450E-9461-0F78AEB89716}.Debug|x64.ActiveCfg = Debug|x64
		{1AF20FDC-36D5-450E-9461-0F78AEB89716}.Debug|x64.Build.0 = Debug|x64
		{1AF20FDC-36D5-450E-9461-0F78AEB89716}.Debug|x86.ActiveCfg = Debug|x86
		{1AF20FDC-36D5-450E-9461-0F78AEB89716}.Debug|x86.Build.0 = Debug|x86
		{1AF20FDC-36D5-450E-9461-0F78AEB89716}.Release|Any CPU.ActiveCfg = Release|x86
		{1AF20FDC-36D5-450E-9461-0F78AEB89716}.Release|ARM.ActiveCfg = Release|x86
		{1AF20FDC-36D5-450E-9461-0F78AEB89716}.Release|ARM64.ActiveCfg = Release|ARM64
		{1AF20FDC-36D5-450E-9461-0F78AEB89716}.Release|ARM64.Build.0 = Release|ARM64
		{1AF20FDC-36D5-450E-9461-0F78AEB89716}.Release|x64.ActiveCfg = Release|x64
		{1AF20FDC-36D5-450E-9461-0F78AEB89716}.Release|x64.Build.0 = Release|x64
		{1AF20FDC-36D5-450E-9461-0F78AEB89716}.Release|x86.ActiveCfg = Release|x86
		{1AF20FDC-36D5-450E-9461-0F78AEB89716}.Release|x86.Build.0 = Release|x86
		{0187840F-8D1A-4198-B5BF-8B05CADB4554}.Debug|Any CPU.ActiveCfg = Debug|Any CPU
		{0187840F-8D1A-4198-B5BF-8B05CADB4554}.Debug|Any CPU.Build.0 = Debug|Any CPU
		{0187840F-8D1A-4198-B5BF-8B05CADB4554}.Debug|ARM.ActiveCfg = Debug|Any CPU
		{0187840F-8D1A-4198-B5BF-8B05CADB4554}.Debug|ARM.Build.0 = Debug|Any CPU
		{0187840F-8D1A-4198-B5BF-8B05CADB4554}.Debug|ARM64.ActiveCfg = Debug|Any CPU
		{0187840F-8D1A-4198-B5BF-8B05CADB4554}.Debug|ARM64.Build.0 = Debug|Any CPU
		{0187840F-8D1A-4198-B5BF-8B05CADB4554}.Debug|x64.ActiveCfg = Debug|Any CPU
		{0187840F-8D1A-4198-B5BF-8B05CADB4554}.Debug|x64.Build.0 = Debug|Any CPU
		{0187840F-8D1A-4198-B5BF-8B05CADB4554}.Debug|x86.ActiveCfg = Debug|Any CPU
		{0187840F-8D1A-4198-B5BF-8B05CADB4554}.Debug|x86.Build.0 = Debug|Any CPU
		{0187840F-8D1A-4198-B5BF-8B05CADB4554}.Release|Any CPU.ActiveCfg = Release|Any CPU
		{0187840F-8D1A-4198-B5BF-8B05CADB4554}.Release|Any CPU.Build.0 = Release|Any CPU
		{0187840F-8D1A-4198-B5BF-8B05CADB4554}.Release|ARM.ActiveCfg = Release|Any CPU
		{0187840F-8D1A-4198-B5BF-8B05CADB4554}.Release|ARM.Build.0 = Release|Any CPU
		{0187840F-8D1A-4198-B5BF-8B05CADB4554}.Release|ARM64.ActiveCfg = Release|Any CPU
		{0187840F-8D1A-4198-B5BF-8B05CADB4554}.Release|ARM64.Build.0 = Release|Any CPU
		{0187840F-8D1A-4198-B5BF-8B05CADB4554}.Release|x64.ActiveCfg = Release|Any CPU
		{0187840F-8D1A-4198-B5BF-8B05CADB4554}.Release|x64.Build.0 = Release|Any CPU
		{0187840F-8D1A-4198-B5BF-8B05CADB4554}.Release|x86.ActiveCfg = Release|Any CPU
		{0187840F-8D1A-4198-B5BF-8B05CADB4554}.Release|x86.Build.0 = Release|Any CPU
		{B9CD5845-2DE3-40FC-BC0F-27C406929551}.Debug|Any CPU.ActiveCfg = Debug|Any CPU
		{B9CD5845-2DE3-40FC-BC0F-27C406929551}.Debug|Any CPU.Build.0 = Debug|Any CPU
		{B9CD5845-2DE3-40FC-BC0F-27C406929551}.Debug|ARM.ActiveCfg = Debug|ARM
		{B9CD5845-2DE3-40FC-BC0F-27C406929551}.Debug|ARM.Build.0 = Debug|ARM
		{B9CD5845-2DE3-40FC-BC0F-27C406929551}.Debug|ARM64.ActiveCfg = Debug|ARM64
		{B9CD5845-2DE3-40FC-BC0F-27C406929551}.Debug|ARM64.Build.0 = Debug|ARM64
		{B9CD5845-2DE3-40FC-BC0F-27C406929551}.Debug|x64.ActiveCfg = Debug|x64
		{B9CD5845-2DE3-40FC-BC0F-27C406929551}.Debug|x64.Build.0 = Debug|x64
		{B9CD5845-2DE3-40FC-BC0F-27C406929551}.Debug|x86.ActiveCfg = Debug|x86
		{B9CD5845-2DE3-40FC-BC0F-27C406929551}.Debug|x86.Build.0 = Debug|x86
		{B9CD5845-2DE3-40FC-BC0F-27C406929551}.Release|Any CPU.ActiveCfg = Release|Any CPU
		{B9CD5845-2DE3-40FC-BC0F-27C406929551}.Release|Any CPU.Build.0 = Release|Any CPU
		{B9CD5845-2DE3-40FC-BC0F-27C406929551}.Release|ARM.ActiveCfg = Release|ARM
		{B9CD5845-2DE3-40FC-BC0F-27C406929551}.Release|ARM.Build.0 = Release|ARM
		{B9CD5845-2DE3-40FC-BC0F-27C406929551}.Release|ARM64.ActiveCfg = Release|ARM64
		{B9CD5845-2DE3-40FC-BC0F-27C406929551}.Release|ARM64.Build.0 = Release|ARM64
		{B9CD5845-2DE3-40FC-BC0F-27C406929551}.Release|x64.ActiveCfg = Release|x64
		{B9CD5845-2DE3-40FC-BC0F-27C406929551}.Release|x64.Build.0 = Release|x64
		{B9CD5845-2DE3-40FC-BC0F-27C406929551}.Release|x86.ActiveCfg = Release|x86
		{B9CD5845-2DE3-40FC-BC0F-27C406929551}.Release|x86.Build.0 = Release|x86
		{C7BEA810-0F31-4176-99A0-4481733918DE}.Debug|Any CPU.ActiveCfg = Debug|Any CPU
		{C7BEA810-0F31-4176-99A0-4481733918DE}.Debug|Any CPU.Build.0 = Debug|Any CPU
		{C7BEA810-0F31-4176-99A0-4481733918DE}.Debug|ARM.ActiveCfg = Debug|ARM
		{C7BEA810-0F31-4176-99A0-4481733918DE}.Debug|ARM.Build.0 = Debug|ARM
		{C7BEA810-0F31-4176-99A0-4481733918DE}.Debug|ARM64.ActiveCfg = Debug|ARM64
		{C7BEA810-0F31-4176-99A0-4481733918DE}.Debug|ARM64.Build.0 = Debug|ARM64
		{C7BEA810-0F31-4176-99A0-4481733918DE}.Debug|x64.ActiveCfg = Debug|x64
		{C7BEA810-0F31-4176-99A0-4481733918DE}.Debug|x64.Build.0 = Debug|x64
		{C7BEA810-0F31-4176-99A0-4481733918DE}.Debug|x86.ActiveCfg = Debug|x86
		{C7BEA810-0F31-4176-99A0-4481733918DE}.Debug|x86.Build.0 = Debug|x86
		{C7BEA810-0F31-4176-99A0-4481733918DE}.Release|Any CPU.ActiveCfg = Release|Any CPU
		{C7BEA810-0F31-4176-99A0-4481733918DE}.Release|Any CPU.Build.0 = Release|Any CPU
		{C7BEA810-0F31-4176-99A0-4481733918DE}.Release|ARM.ActiveCfg = Release|ARM
		{C7BEA810-0F31-4176-99A0-4481733918DE}.Release|ARM.Build.0 = Release|ARM
		{C7BEA810-0F31-4176-99A0-4481733918DE}.Release|ARM64.ActiveCfg = Release|ARM64
		{C7BEA810-0F31-4176-99A0-4481733918DE}.Release|ARM64.Build.0 = Release|ARM64
		{C7BEA810-0F31-4176-99A0-4481733918DE}.Release|x64.ActiveCfg = Release|x64
		{C7BEA810-0F31-4176-99A0-4481733918DE}.Release|x64.Build.0 = Release|x64
		{C7BEA810-0F31-4176-99A0-4481733918DE}.Release|x86.ActiveCfg = Release|x86
		{C7BEA810-0F31-4176-99A0-4481733918DE}.Release|x86.Build.0 = Release|x86
		{C4DBF0B2-C71A-4528-BF15-B0A7A25B2510}.Debug|Any CPU.ActiveCfg = Debug|Any CPU
		{C4DBF0B2-C71A-4528-BF15-B0A7A25B2510}.Debug|Any CPU.Build.0 = Debug|Any CPU
		{C4DBF0B2-C71A-4528-BF15-B0A7A25B2510}.Debug|ARM.ActiveCfg = Debug|Any CPU
		{C4DBF0B2-C71A-4528-BF15-B0A7A25B2510}.Debug|ARM.Build.0 = Debug|Any CPU
		{C4DBF0B2-C71A-4528-BF15-B0A7A25B2510}.Debug|ARM64.ActiveCfg = Debug|Any CPU
		{C4DBF0B2-C71A-4528-BF15-B0A7A25B2510}.Debug|ARM64.Build.0 = Debug|Any CPU
		{C4DBF0B2-C71A-4528-BF15-B0A7A25B2510}.Debug|x64.ActiveCfg = Debug|Any CPU
		{C4DBF0B2-C71A-4528-BF15-B0A7A25B2510}.Debug|x64.Build.0 = Debug|Any CPU
		{C4DBF0B2-C71A-4528-BF15-B0A7A25B2510}.Debug|x86.ActiveCfg = Debug|Any CPU
		{C4DBF0B2-C71A-4528-BF15-B0A7A25B2510}.Debug|x86.Build.0 = Debug|Any CPU
		{C4DBF0B2-C71A-4528-BF15-B0A7A25B2510}.Release|Any CPU.ActiveCfg = Release|Any CPU
		{C4DBF0B2-C71A-4528-BF15-B0A7A25B2510}.Release|Any CPU.Build.0 = Release|Any CPU
		{C4DBF0B2-C71A-4528-BF15-B0A7A25B2510}.Release|ARM.ActiveCfg = Release|Any CPU
		{C4DBF0B2-C71A-4528-BF15-B0A7A25B2510}.Release|ARM.Build.0 = Release|Any CPU
		{C4DBF0B2-C71A-4528-BF15-B0A7A25B2510}.Release|ARM64.ActiveCfg = Release|Any CPU
		{C4DBF0B2-C71A-4528-BF15-B0A7A25B2510}.Release|ARM64.Build.0 = Release|Any CPU
		{C4DBF0B2-C71A-4528-BF15-B0A7A25B2510}.Release|x64.ActiveCfg = Release|Any CPU
		{C4DBF0B2-C71A-4528-BF15-B0A7A25B2510}.Release|x64.Build.0 = Release|Any CPU
		{C4DBF0B2-C71A-4528-BF15-B0A7A25B2510}.Release|x86.ActiveCfg = Release|Any CPU
		{C4DBF0B2-C71A-4528-BF15-B0A7A25B2510}.Release|x86.Build.0 = Release|Any CPU
		{3046F10C-456E-43D3-8F13-3855EE2D9344}.Debug|Any CPU.ActiveCfg = Debug|Any CPU
		{3046F10C-456E-43D3-8F13-3855EE2D9344}.Debug|Any CPU.Build.0 = Debug|Any CPU
		{3046F10C-456E-43D3-8F13-3855EE2D9344}.Debug|ARM.ActiveCfg = Debug|Any CPU
		{3046F10C-456E-43D3-8F13-3855EE2D9344}.Debug|ARM.Build.0 = Debug|Any CPU
		{3046F10C-456E-43D3-8F13-3855EE2D9344}.Debug|ARM64.ActiveCfg = Debug|Any CPU
		{3046F10C-456E-43D3-8F13-3855EE2D9344}.Debug|ARM64.Build.0 = Debug|Any CPU
		{3046F10C-456E-43D3-8F13-3855EE2D9344}.Debug|x64.ActiveCfg = Debug|Any CPU
		{3046F10C-456E-43D3-8F13-3855EE2D9344}.Debug|x64.Build.0 = Debug|Any CPU
		{3046F10C-456E-43D3-8F13-3855EE2D9344}.Debug|x86.ActiveCfg = Debug|Any CPU
		{3046F10C-456E-43D3-8F13-3855EE2D9344}.Debug|x86.Build.0 = Debug|Any CPU
		{3046F10C-456E-43D3-8F13-3855EE2D9344}.Release|Any CPU.ActiveCfg = Release|Any CPU
		{3046F10C-456E-43D3-8F13-3855EE2D9344}.Release|Any CPU.Build.0 = Release|Any CPU
		{3046F10C-456E-43D3-8F13-3855EE2D9344}.Release|ARM.ActiveCfg = Release|Any CPU
		{3046F10C-456E-43D3-8F13-3855EE2D9344}.Release|ARM.Build.0 = Release|Any CPU
		{3046F10C-456E-43D3-8F13-3855EE2D9344}.Release|ARM64.ActiveCfg = Release|Any CPU
		{3046F10C-456E-43D3-8F13-3855EE2D9344}.Release|ARM64.Build.0 = Release|Any CPU
		{3046F10C-456E-43D3-8F13-3855EE2D9344}.Release|x64.ActiveCfg = Release|Any CPU
		{3046F10C-456E-43D3-8F13-3855EE2D9344}.Release|x64.Build.0 = Release|Any CPU
		{3046F10C-456E-43D3-8F13-3855EE2D9344}.Release|x86.ActiveCfg = Release|Any CPU
		{3046F10C-456E-43D3-8F13-3855EE2D9344}.Release|x86.Build.0 = Release|Any CPU
		{9C3E4744-E870-490B-A7DB-1473A0DB355F}.Debug|Any CPU.ActiveCfg = Debug|Any CPU
		{9C3E4744-E870-490B-A7DB-1473A0DB355F}.Debug|Any CPU.Build.0 = Debug|Any CPU
		{9C3E4744-E870-490B-A7DB-1473A0DB355F}.Debug|ARM.ActiveCfg = Debug|Any CPU
		{9C3E4744-E870-490B-A7DB-1473A0DB355F}.Debug|ARM.Build.0 = Debug|Any CPU
		{9C3E4744-E870-490B-A7DB-1473A0DB355F}.Debug|ARM64.ActiveCfg = Debug|Any CPU
		{9C3E4744-E870-490B-A7DB-1473A0DB355F}.Debug|ARM64.Build.0 = Debug|Any CPU
		{9C3E4744-E870-490B-A7DB-1473A0DB355F}.Debug|x64.ActiveCfg = Debug|Any CPU
		{9C3E4744-E870-490B-A7DB-1473A0DB355F}.Debug|x64.Build.0 = Debug|Any CPU
		{9C3E4744-E870-490B-A7DB-1473A0DB355F}.Debug|x86.ActiveCfg = Debug|Any CPU
		{9C3E4744-E870-490B-A7DB-1473A0DB355F}.Debug|x86.Build.0 = Debug|Any CPU
		{9C3E4744-E870-490B-A7DB-1473A0DB355F}.Release|Any CPU.ActiveCfg = Release|Any CPU
		{9C3E4744-E870-490B-A7DB-1473A0DB355F}.Release|Any CPU.Build.0 = Release|Any CPU
		{9C3E4744-E870-490B-A7DB-1473A0DB355F}.Release|ARM.ActiveCfg = Release|Any CPU
		{9C3E4744-E870-490B-A7DB-1473A0DB355F}.Release|ARM.Build.0 = Release|Any CPU
		{9C3E4744-E870-490B-A7DB-1473A0DB355F}.Release|ARM64.ActiveCfg = Release|Any CPU
		{9C3E4744-E870-490B-A7DB-1473A0DB355F}.Release|ARM64.Build.0 = Release|Any CPU
		{9C3E4744-E870-490B-A7DB-1473A0DB355F}.Release|x64.ActiveCfg = Release|Any CPU
		{9C3E4744-E870-490B-A7DB-1473A0DB355F}.Release|x64.Build.0 = Release|Any CPU
		{9C3E4744-E870-490B-A7DB-1473A0DB355F}.Release|x86.ActiveCfg = Release|Any CPU
		{9C3E4744-E870-490B-A7DB-1473A0DB355F}.Release|x86.Build.0 = Release|Any CPU
		{B9B87F56-8AFE-4F6E-B2A9-AFA8D118FC67}.Debug|Any CPU.ActiveCfg = Debug|Any CPU
		{B9B87F56-8AFE-4F6E-B2A9-AFA8D118FC67}.Debug|Any CPU.Build.0 = Debug|Any CPU
		{B9B87F56-8AFE-4F6E-B2A9-AFA8D118FC67}.Debug|ARM.ActiveCfg = Debug|Any CPU
		{B9B87F56-8AFE-4F6E-B2A9-AFA8D118FC67}.Debug|ARM.Build.0 = Debug|Any CPU
		{B9B87F56-8AFE-4F6E-B2A9-AFA8D118FC67}.Debug|ARM64.ActiveCfg = Debug|Any CPU
		{B9B87F56-8AFE-4F6E-B2A9-AFA8D118FC67}.Debug|ARM64.Build.0 = Debug|Any CPU
		{B9B87F56-8AFE-4F6E-B2A9-AFA8D118FC67}.Debug|x64.ActiveCfg = Debug|Any CPU
		{B9B87F56-8AFE-4F6E-B2A9-AFA8D118FC67}.Debug|x64.Build.0 = Debug|Any CPU
		{B9B87F56-8AFE-4F6E-B2A9-AFA8D118FC67}.Debug|x86.ActiveCfg = Debug|Any CPU
		{B9B87F56-8AFE-4F6E-B2A9-AFA8D118FC67}.Debug|x86.Build.0 = Debug|Any CPU
		{B9B87F56-8AFE-4F6E-B2A9-AFA8D118FC67}.Release|Any CPU.ActiveCfg = Release|Any CPU
		{B9B87F56-8AFE-4F6E-B2A9-AFA8D118FC67}.Release|Any CPU.Build.0 = Release|Any CPU
		{B9B87F56-8AFE-4F6E-B2A9-AFA8D118FC67}.Release|ARM.ActiveCfg = Release|Any CPU
		{B9B87F56-8AFE-4F6E-B2A9-AFA8D118FC67}.Release|ARM.Build.0 = Release|Any CPU
		{B9B87F56-8AFE-4F6E-B2A9-AFA8D118FC67}.Release|ARM64.ActiveCfg = Release|Any CPU
		{B9B87F56-8AFE-4F6E-B2A9-AFA8D118FC67}.Release|ARM64.Build.0 = Release|Any CPU
		{B9B87F56-8AFE-4F6E-B2A9-AFA8D118FC67}.Release|x64.ActiveCfg = Release|Any CPU
		{B9B87F56-8AFE-4F6E-B2A9-AFA8D118FC67}.Release|x64.Build.0 = Release|Any CPU
		{B9B87F56-8AFE-4F6E-B2A9-AFA8D118FC67}.Release|x86.ActiveCfg = Release|Any CPU
		{B9B87F56-8AFE-4F6E-B2A9-AFA8D118FC67}.Release|x86.Build.0 = Release|Any CPU
		{CD9930DC-36A8-45FC-8824-C8B3FA873FAD}.Debug|Any CPU.ActiveCfg = Debug|Any CPU
		{CD9930DC-36A8-45FC-8824-C8B3FA873FAD}.Debug|Any CPU.Build.0 = Debug|Any CPU
		{CD9930DC-36A8-45FC-8824-C8B3FA873FAD}.Debug|ARM.ActiveCfg = Debug|Any CPU
		{CD9930DC-36A8-45FC-8824-C8B3FA873FAD}.Debug|ARM.Build.0 = Debug|Any CPU
		{CD9930DC-36A8-45FC-8824-C8B3FA873FAD}.Debug|ARM64.ActiveCfg = Debug|Any CPU
		{CD9930DC-36A8-45FC-8824-C8B3FA873FAD}.Debug|ARM64.Build.0 = Debug|Any CPU
		{CD9930DC-36A8-45FC-8824-C8B3FA873FAD}.Debug|x64.ActiveCfg = Debug|Any CPU
		{CD9930DC-36A8-45FC-8824-C8B3FA873FAD}.Debug|x64.Build.0 = Debug|Any CPU
		{CD9930DC-36A8-45FC-8824-C8B3FA873FAD}.Debug|x86.ActiveCfg = Debug|Any CPU
		{CD9930DC-36A8-45FC-8824-C8B3FA873FAD}.Debug|x86.Build.0 = Debug|Any CPU
		{CD9930DC-36A8-45FC-8824-C8B3FA873FAD}.Release|Any CPU.ActiveCfg = Release|Any CPU
		{CD9930DC-36A8-45FC-8824-C8B3FA873FAD}.Release|Any CPU.Build.0 = Release|Any CPU
		{CD9930DC-36A8-45FC-8824-C8B3FA873FAD}.Release|ARM.ActiveCfg = Release|Any CPU
		{CD9930DC-36A8-45FC-8824-C8B3FA873FAD}.Release|ARM.Build.0 = Release|Any CPU
		{CD9930DC-36A8-45FC-8824-C8B3FA873FAD}.Release|ARM64.ActiveCfg = Release|Any CPU
		{CD9930DC-36A8-45FC-8824-C8B3FA873FAD}.Release|ARM64.Build.0 = Release|Any CPU
		{CD9930DC-36A8-45FC-8824-C8B3FA873FAD}.Release|x64.ActiveCfg = Release|Any CPU
		{CD9930DC-36A8-45FC-8824-C8B3FA873FAD}.Release|x64.Build.0 = Release|Any CPU
		{CD9930DC-36A8-45FC-8824-C8B3FA873FAD}.Release|x86.ActiveCfg = Release|Any CPU
		{CD9930DC-36A8-45FC-8824-C8B3FA873FAD}.Release|x86.Build.0 = Release|Any CPU
		{1E466E0C-5218-4892-9FDD-0E777795C545}.Debug|Any CPU.ActiveCfg = Debug|Any CPU
		{1E466E0C-5218-4892-9FDD-0E777795C545}.Debug|Any CPU.Build.0 = Debug|Any CPU
		{1E466E0C-5218-4892-9FDD-0E777795C545}.Debug|ARM.ActiveCfg = Debug|ARM
		{1E466E0C-5218-4892-9FDD-0E777795C545}.Debug|ARM.Build.0 = Debug|ARM
		{1E466E0C-5218-4892-9FDD-0E777795C545}.Debug|ARM64.ActiveCfg = Debug|ARM64
		{1E466E0C-5218-4892-9FDD-0E777795C545}.Debug|ARM64.Build.0 = Debug|ARM64
		{1E466E0C-5218-4892-9FDD-0E777795C545}.Debug|x64.ActiveCfg = Debug|x64
		{1E466E0C-5218-4892-9FDD-0E777795C545}.Debug|x64.Build.0 = Debug|x64
		{1E466E0C-5218-4892-9FDD-0E777795C545}.Debug|x86.ActiveCfg = Debug|x86
		{1E466E0C-5218-4892-9FDD-0E777795C545}.Debug|x86.Build.0 = Debug|x86
		{1E466E0C-5218-4892-9FDD-0E777795C545}.Release|Any CPU.ActiveCfg = Release|Any CPU
		{1E466E0C-5218-4892-9FDD-0E777795C545}.Release|Any CPU.Build.0 = Release|Any CPU
		{1E466E0C-5218-4892-9FDD-0E777795C545}.Release|ARM.ActiveCfg = Release|ARM
		{1E466E0C-5218-4892-9FDD-0E777795C545}.Release|ARM.Build.0 = Release|ARM
		{1E466E0C-5218-4892-9FDD-0E777795C545}.Release|ARM64.ActiveCfg = Release|ARM64
		{1E466E0C-5218-4892-9FDD-0E777795C545}.Release|ARM64.Build.0 = Release|ARM64
		{1E466E0C-5218-4892-9FDD-0E777795C545}.Release|x64.ActiveCfg = Release|x64
		{1E466E0C-5218-4892-9FDD-0E777795C545}.Release|x64.Build.0 = Release|x64
		{1E466E0C-5218-4892-9FDD-0E777795C545}.Release|x86.ActiveCfg = Release|x86
		{1E466E0C-5218-4892-9FDD-0E777795C545}.Release|x86.Build.0 = Release|x86
		{EE5C62AF-B6B7-4CF9-895F-60ADC1801175}.Debug|Any CPU.ActiveCfg = Debug|Any CPU
		{EE5C62AF-B6B7-4CF9-895F-60ADC1801175}.Debug|Any CPU.Build.0 = Debug|Any CPU
		{EE5C62AF-B6B7-4CF9-895F-60ADC1801175}.Debug|ARM.ActiveCfg = Debug|Any CPU
		{EE5C62AF-B6B7-4CF9-895F-60ADC1801175}.Debug|ARM.Build.0 = Debug|Any CPU
		{EE5C62AF-B6B7-4CF9-895F-60ADC1801175}.Debug|ARM64.ActiveCfg = Debug|Any CPU
		{EE5C62AF-B6B7-4CF9-895F-60ADC1801175}.Debug|ARM64.Build.0 = Debug|Any CPU
		{EE5C62AF-B6B7-4CF9-895F-60ADC1801175}.Debug|x64.ActiveCfg = Debug|Any CPU
		{EE5C62AF-B6B7-4CF9-895F-60ADC1801175}.Debug|x64.Build.0 = Debug|Any CPU
		{EE5C62AF-B6B7-4CF9-895F-60ADC1801175}.Debug|x86.ActiveCfg = Debug|Any CPU
		{EE5C62AF-B6B7-4CF9-895F-60ADC1801175}.Debug|x86.Build.0 = Debug|Any CPU
		{EE5C62AF-B6B7-4CF9-895F-60ADC1801175}.Release|Any CPU.ActiveCfg = Release|Any CPU
		{EE5C62AF-B6B7-4CF9-895F-60ADC1801175}.Release|Any CPU.Build.0 = Release|Any CPU
		{EE5C62AF-B6B7-4CF9-895F-60ADC1801175}.Release|ARM.ActiveCfg = Release|Any CPU
		{EE5C62AF-B6B7-4CF9-895F-60ADC1801175}.Release|ARM.Build.0 = Release|Any CPU
		{EE5C62AF-B6B7-4CF9-895F-60ADC1801175}.Release|ARM64.ActiveCfg = Release|Any CPU
		{EE5C62AF-B6B7-4CF9-895F-60ADC1801175}.Release|ARM64.Build.0 = Release|Any CPU
		{EE5C62AF-B6B7-4CF9-895F-60ADC1801175}.Release|x64.ActiveCfg = Release|Any CPU
		{EE5C62AF-B6B7-4CF9-895F-60ADC1801175}.Release|x64.Build.0 = Release|Any CPU
		{EE5C62AF-B6B7-4CF9-895F-60ADC1801175}.Release|x86.ActiveCfg = Release|Any CPU
		{EE5C62AF-B6B7-4CF9-895F-60ADC1801175}.Release|x86.Build.0 = Release|Any CPU
		{83DD339B-EA58-4380-8994-02FA6708CC7A}.Debug|Any CPU.ActiveCfg = Debug|Any CPU
		{83DD339B-EA58-4380-8994-02FA6708CC7A}.Debug|Any CPU.Build.0 = Debug|Any CPU
		{83DD339B-EA58-4380-8994-02FA6708CC7A}.Debug|ARM.ActiveCfg = Debug|Any CPU
		{83DD339B-EA58-4380-8994-02FA6708CC7A}.Debug|ARM.Build.0 = Debug|Any CPU
		{83DD339B-EA58-4380-8994-02FA6708CC7A}.Debug|ARM64.ActiveCfg = Debug|Any CPU
		{83DD339B-EA58-4380-8994-02FA6708CC7A}.Debug|ARM64.Build.0 = Debug|Any CPU
		{83DD339B-EA58-4380-8994-02FA6708CC7A}.Debug|x64.ActiveCfg = Debug|Any CPU
		{83DD339B-EA58-4380-8994-02FA6708CC7A}.Debug|x64.Build.0 = Debug|Any CPU
		{83DD339B-EA58-4380-8994-02FA6708CC7A}.Debug|x86.ActiveCfg = Debug|Any CPU
		{83DD339B-EA58-4380-8994-02FA6708CC7A}.Debug|x86.Build.0 = Debug|Any CPU
		{83DD339B-EA58-4380-8994-02FA6708CC7A}.Release|Any CPU.ActiveCfg = Release|Any CPU
		{83DD339B-EA58-4380-8994-02FA6708CC7A}.Release|Any CPU.Build.0 = Release|Any CPU
		{83DD339B-EA58-4380-8994-02FA6708CC7A}.Release|ARM.ActiveCfg = Release|Any CPU
		{83DD339B-EA58-4380-8994-02FA6708CC7A}.Release|ARM.Build.0 = Release|Any CPU
		{83DD339B-EA58-4380-8994-02FA6708CC7A}.Release|ARM64.ActiveCfg = Release|Any CPU
		{83DD339B-EA58-4380-8994-02FA6708CC7A}.Release|ARM64.Build.0 = Release|Any CPU
		{83DD339B-EA58-4380-8994-02FA6708CC7A}.Release|x64.ActiveCfg = Release|Any CPU
		{83DD339B-EA58-4380-8994-02FA6708CC7A}.Release|x64.Build.0 = Release|Any CPU
		{83DD339B-EA58-4380-8994-02FA6708CC7A}.Release|x86.ActiveCfg = Release|Any CPU
		{83DD339B-EA58-4380-8994-02FA6708CC7A}.Release|x86.Build.0 = Release|Any CPU
		{6832083A-A832-4DF4-B3F7-C83D1F51BB95}.Debug|Any CPU.ActiveCfg = Debug|Any CPU
		{6832083A-A832-4DF4-B3F7-C83D1F51BB95}.Debug|Any CPU.Build.0 = Debug|Any CPU
		{6832083A-A832-4DF4-B3F7-C83D1F51BB95}.Debug|ARM.ActiveCfg = Debug|Any CPU
		{6832083A-A832-4DF4-B3F7-C83D1F51BB95}.Debug|ARM.Build.0 = Debug|Any CPU
		{6832083A-A832-4DF4-B3F7-C83D1F51BB95}.Debug|ARM64.ActiveCfg = Debug|Any CPU
		{6832083A-A832-4DF4-B3F7-C83D1F51BB95}.Debug|ARM64.Build.0 = Debug|Any CPU
		{6832083A-A832-4DF4-B3F7-C83D1F51BB95}.Debug|x64.ActiveCfg = Debug|Any CPU
		{6832083A-A832-4DF4-B3F7-C83D1F51BB95}.Debug|x64.Build.0 = Debug|Any CPU
		{6832083A-A832-4DF4-B3F7-C83D1F51BB95}.Debug|x86.ActiveCfg = Debug|Any CPU
		{6832083A-A832-4DF4-B3F7-C83D1F51BB95}.Debug|x86.Build.0 = Debug|Any CPU
		{6832083A-A832-4DF4-B3F7-C83D1F51BB95}.Release|Any CPU.ActiveCfg = Release|Any CPU
		{6832083A-A832-4DF4-B3F7-C83D1F51BB95}.Release|Any CPU.Build.0 = Release|Any CPU
		{6832083A-A832-4DF4-B3F7-C83D1F51BB95}.Release|ARM.ActiveCfg = Release|Any CPU
		{6832083A-A832-4DF4-B3F7-C83D1F51BB95}.Release|ARM.Build.0 = Release|Any CPU
		{6832083A-A832-4DF4-B3F7-C83D1F51BB95}.Release|ARM64.ActiveCfg = Release|Any CPU
		{6832083A-A832-4DF4-B3F7-C83D1F51BB95}.Release|ARM64.Build.0 = Release|Any CPU
		{6832083A-A832-4DF4-B3F7-C83D1F51BB95}.Release|x64.ActiveCfg = Release|Any CPU
		{6832083A-A832-4DF4-B3F7-C83D1F51BB95}.Release|x64.Build.0 = Release|Any CPU
		{6832083A-A832-4DF4-B3F7-C83D1F51BB95}.Release|x86.ActiveCfg = Release|Any CPU
		{6832083A-A832-4DF4-B3F7-C83D1F51BB95}.Release|x86.Build.0 = Release|Any CPU
		{18D92F2F-046E-4A35-83FC-476B097BB8B7}.Debug|Any CPU.ActiveCfg = Debug|Any CPU
		{18D92F2F-046E-4A35-83FC-476B097BB8B7}.Debug|Any CPU.Build.0 = Debug|Any CPU
		{18D92F2F-046E-4A35-83FC-476B097BB8B7}.Debug|ARM.ActiveCfg = Debug|ARM
		{18D92F2F-046E-4A35-83FC-476B097BB8B7}.Debug|ARM.Build.0 = Debug|ARM
		{18D92F2F-046E-4A35-83FC-476B097BB8B7}.Debug|ARM64.ActiveCfg = Debug|ARM64
		{18D92F2F-046E-4A35-83FC-476B097BB8B7}.Debug|ARM64.Build.0 = Debug|ARM64
		{18D92F2F-046E-4A35-83FC-476B097BB8B7}.Debug|x64.ActiveCfg = Debug|x64
		{18D92F2F-046E-4A35-83FC-476B097BB8B7}.Debug|x64.Build.0 = Debug|x64
		{18D92F2F-046E-4A35-83FC-476B097BB8B7}.Debug|x86.ActiveCfg = Debug|x86
		{18D92F2F-046E-4A35-83FC-476B097BB8B7}.Debug|x86.Build.0 = Debug|x86
		{18D92F2F-046E-4A35-83FC-476B097BB8B7}.Release|Any CPU.ActiveCfg = Release|Any CPU
		{18D92F2F-046E-4A35-83FC-476B097BB8B7}.Release|Any CPU.Build.0 = Release|Any CPU
		{18D92F2F-046E-4A35-83FC-476B097BB8B7}.Release|ARM.ActiveCfg = Release|ARM
		{18D92F2F-046E-4A35-83FC-476B097BB8B7}.Release|ARM.Build.0 = Release|ARM
		{18D92F2F-046E-4A35-83FC-476B097BB8B7}.Release|ARM64.ActiveCfg = Release|ARM64
		{18D92F2F-046E-4A35-83FC-476B097BB8B7}.Release|ARM64.Build.0 = Release|ARM64
		{18D92F2F-046E-4A35-83FC-476B097BB8B7}.Release|x64.ActiveCfg = Release|x64
		{18D92F2F-046E-4A35-83FC-476B097BB8B7}.Release|x64.Build.0 = Release|x64
		{18D92F2F-046E-4A35-83FC-476B097BB8B7}.Release|x86.ActiveCfg = Release|x86
		{18D92F2F-046E-4A35-83FC-476B097BB8B7}.Release|x86.Build.0 = Release|x86
		{A87244E1-94AB-40E6-A32B-1972429FBCB2}.Debug|Any CPU.ActiveCfg = Debug|Any CPU
		{A87244E1-94AB-40E6-A32B-1972429FBCB2}.Debug|Any CPU.Build.0 = Debug|Any CPU
		{A87244E1-94AB-40E6-A32B-1972429FBCB2}.Debug|ARM.ActiveCfg = Debug|ARM
		{A87244E1-94AB-40E6-A32B-1972429FBCB2}.Debug|ARM.Build.0 = Debug|ARM
		{A87244E1-94AB-40E6-A32B-1972429FBCB2}.Debug|ARM64.ActiveCfg = Debug|ARM64
		{A87244E1-94AB-40E6-A32B-1972429FBCB2}.Debug|ARM64.Build.0 = Debug|ARM64
		{A87244E1-94AB-40E6-A32B-1972429FBCB2}.Debug|x64.ActiveCfg = Debug|x64
		{A87244E1-94AB-40E6-A32B-1972429FBCB2}.Debug|x64.Build.0 = Debug|x64
		{A87244E1-94AB-40E6-A32B-1972429FBCB2}.Debug|x86.ActiveCfg = Debug|x86
		{A87244E1-94AB-40E6-A32B-1972429FBCB2}.Debug|x86.Build.0 = Debug|x86
		{A87244E1-94AB-40E6-A32B-1972429FBCB2}.Release|Any CPU.ActiveCfg = Release|Any CPU
		{A87244E1-94AB-40E6-A32B-1972429FBCB2}.Release|Any CPU.Build.0 = Release|Any CPU
		{A87244E1-94AB-40E6-A32B-1972429FBCB2}.Release|ARM.ActiveCfg = Release|ARM
		{A87244E1-94AB-40E6-A32B-1972429FBCB2}.Release|ARM.Build.0 = Release|ARM
		{A87244E1-94AB-40E6-A32B-1972429FBCB2}.Release|ARM64.ActiveCfg = Release|ARM64
		{A87244E1-94AB-40E6-A32B-1972429FBCB2}.Release|ARM64.Build.0 = Release|ARM64
		{A87244E1-94AB-40E6-A32B-1972429FBCB2}.Release|x64.ActiveCfg = Release|x64
		{A87244E1-94AB-40E6-A32B-1972429FBCB2}.Release|x64.Build.0 = Release|x64
		{A87244E1-94AB-40E6-A32B-1972429FBCB2}.Release|x86.ActiveCfg = Release|x86
		{A87244E1-94AB-40E6-A32B-1972429FBCB2}.Release|x86.Build.0 = Release|x86
		{81B36A8C-E9A5-46F1-B803-B4D329C6E4B4}.Debug|Any CPU.ActiveCfg = Debug|Any CPU
		{81B36A8C-E9A5-46F1-B803-B4D329C6E4B4}.Debug|Any CPU.Build.0 = Debug|Any CPU
		{81B36A8C-E9A5-46F1-B803-B4D329C6E4B4}.Debug|ARM.ActiveCfg = Debug|Any CPU
		{81B36A8C-E9A5-46F1-B803-B4D329C6E4B4}.Debug|ARM.Build.0 = Debug|Any CPU
		{81B36A8C-E9A5-46F1-B803-B4D329C6E4B4}.Debug|ARM64.ActiveCfg = Debug|Any CPU
		{81B36A8C-E9A5-46F1-B803-B4D329C6E4B4}.Debug|ARM64.Build.0 = Debug|Any CPU
		{81B36A8C-E9A5-46F1-B803-B4D329C6E4B4}.Debug|x64.ActiveCfg = Debug|Any CPU
		{81B36A8C-E9A5-46F1-B803-B4D329C6E4B4}.Debug|x64.Build.0 = Debug|Any CPU
		{81B36A8C-E9A5-46F1-B803-B4D329C6E4B4}.Debug|x86.ActiveCfg = Debug|Any CPU
		{81B36A8C-E9A5-46F1-B803-B4D329C6E4B4}.Debug|x86.Build.0 = Debug|Any CPU
		{81B36A8C-E9A5-46F1-B803-B4D329C6E4B4}.Release|Any CPU.ActiveCfg = Release|Any CPU
		{81B36A8C-E9A5-46F1-B803-B4D329C6E4B4}.Release|Any CPU.Build.0 = Release|Any CPU
		{81B36A8C-E9A5-46F1-B803-B4D329C6E4B4}.Release|ARM.ActiveCfg = Release|Any CPU
		{81B36A8C-E9A5-46F1-B803-B4D329C6E4B4}.Release|ARM.Build.0 = Release|Any CPU
		{81B36A8C-E9A5-46F1-B803-B4D329C6E4B4}.Release|ARM64.ActiveCfg = Release|Any CPU
		{81B36A8C-E9A5-46F1-B803-B4D329C6E4B4}.Release|ARM64.Build.0 = Release|Any CPU
		{81B36A8C-E9A5-46F1-B803-B4D329C6E4B4}.Release|x64.ActiveCfg = Release|Any CPU
		{81B36A8C-E9A5-46F1-B803-B4D329C6E4B4}.Release|x64.Build.0 = Release|Any CPU
		{81B36A8C-E9A5-46F1-B803-B4D329C6E4B4}.Release|x86.ActiveCfg = Release|Any CPU
		{81B36A8C-E9A5-46F1-B803-B4D329C6E4B4}.Release|x86.Build.0 = Release|Any CPU
		{47666400-8C76-4DEC-9387-385DA31187C9}.Debug|Any CPU.ActiveCfg = Debug|Any CPU
		{47666400-8C76-4DEC-9387-385DA31187C9}.Debug|Any CPU.Build.0 = Debug|Any CPU
		{47666400-8C76-4DEC-9387-385DA31187C9}.Debug|ARM.ActiveCfg = Debug|Any CPU
		{47666400-8C76-4DEC-9387-385DA31187C9}.Debug|ARM.Build.0 = Debug|Any CPU
		{47666400-8C76-4DEC-9387-385DA31187C9}.Debug|ARM64.ActiveCfg = Debug|Any CPU
		{47666400-8C76-4DEC-9387-385DA31187C9}.Debug|ARM64.Build.0 = Debug|Any CPU
		{47666400-8C76-4DEC-9387-385DA31187C9}.Debug|x64.ActiveCfg = Debug|Any CPU
		{47666400-8C76-4DEC-9387-385DA31187C9}.Debug|x64.Build.0 = Debug|Any CPU
		{47666400-8C76-4DEC-9387-385DA31187C9}.Debug|x86.ActiveCfg = Debug|Any CPU
		{47666400-8C76-4DEC-9387-385DA31187C9}.Debug|x86.Build.0 = Debug|Any CPU
		{47666400-8C76-4DEC-9387-385DA31187C9}.Release|Any CPU.ActiveCfg = Release|Any CPU
		{47666400-8C76-4DEC-9387-385DA31187C9}.Release|Any CPU.Build.0 = Release|Any CPU
		{47666400-8C76-4DEC-9387-385DA31187C9}.Release|ARM.ActiveCfg = Release|Any CPU
		{47666400-8C76-4DEC-9387-385DA31187C9}.Release|ARM.Build.0 = Release|Any CPU
		{47666400-8C76-4DEC-9387-385DA31187C9}.Release|ARM64.ActiveCfg = Release|Any CPU
		{47666400-8C76-4DEC-9387-385DA31187C9}.Release|ARM64.Build.0 = Release|Any CPU
		{47666400-8C76-4DEC-9387-385DA31187C9}.Release|x64.ActiveCfg = Release|Any CPU
		{47666400-8C76-4DEC-9387-385DA31187C9}.Release|x64.Build.0 = Release|Any CPU
		{47666400-8C76-4DEC-9387-385DA31187C9}.Release|x86.ActiveCfg = Release|Any CPU
		{47666400-8C76-4DEC-9387-385DA31187C9}.Release|x86.Build.0 = Release|Any CPU
	EndGlobalSection
	GlobalSection(SolutionProperties) = preSolution
		HideSolutionNode = FALSE
	EndGlobalSection
	GlobalSection(NestedProjects) = preSolution
		{48DF06B5-90AD-4AC6-81F7-B381DB093B09} = {810B7F1B-97AD-4422-93C8-562AD50CE4DB}
		{07B6D3B7-0AC0-489B-BF27-588AB6226B1C} = {48DF06B5-90AD-4AC6-81F7-B381DB093B09}
		{CA4FE39C-2379-4966-9940-DE738D94E982} = {48DF06B5-90AD-4AC6-81F7-B381DB093B09}
		{88314412-B020-415B-AEAB-57ADC43B273E} = {232C0E31-606A-48CD-B860-2E9155EAB4C6}
		{8776A0BD-DBD1-4F11-A022-400D044FF618} = {232C0E31-606A-48CD-B860-2E9155EAB4C6}
		{9E61CC56-43F9-489C-AAAF-BD5EC69367C4} = {232C0E31-606A-48CD-B860-2E9155EAB4C6}
		{1AF20FDC-36D5-450E-9461-0F78AEB89716} = {82E6DD11-BBC1-4BFC-A244-593EE27BF250}
		{0187840F-8D1A-4198-B5BF-8B05CADB4554} = {232C0E31-606A-48CD-B860-2E9155EAB4C6}
		{B9CD5845-2DE3-40FC-BC0F-27C406929551} = {45B5DFF9-9F13-4BF3-B561-8ABBDFE5C237}
		{C4DBF0B2-C71A-4528-BF15-B0A7A25B2510} = {232C0E31-606A-48CD-B860-2E9155EAB4C6}
		{3046F10C-456E-43D3-8F13-3855EE2D9344} = {8B044ABB-C591-44E5-B7C6-B2F7262F5C1D}
		{9C3E4744-E870-490B-A7DB-1473A0DB355F} = {8B044ABB-C591-44E5-B7C6-B2F7262F5C1D}
		{B9B87F56-8AFE-4F6E-B2A9-AFA8D118FC67} = {8B044ABB-C591-44E5-B7C6-B2F7262F5C1D}
		{CD9930DC-36A8-45FC-8824-C8B3FA873FAD} = {82E6DD11-BBC1-4BFC-A244-593EE27BF250}
		{1E466E0C-5218-4892-9FDD-0E777795C545} = {45B5DFF9-9F13-4BF3-B561-8ABBDFE5C237}
		{EE5C62AF-B6B7-4CF9-895F-60ADC1801175} = {45B5DFF9-9F13-4BF3-B561-8ABBDFE5C237}
		{83DD339B-EA58-4380-8994-02FA6708CC7A} = {45B5DFF9-9F13-4BF3-B561-8ABBDFE5C237}
		{6832083A-A832-4DF4-B3F7-C83D1F51BB95} = {48DF06B5-90AD-4AC6-81F7-B381DB093B09}
		{18D92F2F-046E-4A35-83FC-476B097BB8B7} = {45B5DFF9-9F13-4BF3-B561-8ABBDFE5C237}
		{A87244E1-94AB-40E6-A32B-1972429FBCB2} = {45B5DFF9-9F13-4BF3-B561-8ABBDFE5C237}
		{81B36A8C-E9A5-46F1-B803-B4D329C6E4B4} = {45B5DFF9-9F13-4BF3-B561-8ABBDFE5C237}
		{47666400-8C76-4DEC-9387-385DA31187C9} = {232C0E31-606A-48CD-B860-2E9155EAB4C6}
	EndGlobalSection
	GlobalSection(ExtensibilityGlobals) = postSolution
		SolutionGuid = {563225C5-4D56-446B-9ADE-09D3F0DE7963}
	EndGlobalSection
EndGlobal
